<?xml version="1.0" encoding="utf-8"?>
<Project ToolsVersion="4.0" xmlns="http://schemas.microsoft.com/developer/msbuild/2003">
  <ItemGroup>
    <Filter Include="Source Files">
      <UniqueIdentifier>{4FC737F1-C7A5-4376-A066-2A32D752A2FF}</UniqueIdentifier>
      <Extensions>cpp;c;cc;cxx;c++;cppm;ixx;def;odl;idl;hpj;bat;asm;asmx</Extensions>
    </Filter>
    <Filter Include="Header Files">
      <UniqueIdentifier>{93995380-89BD-4b04-88EB-625FBE52EBFB}</UniqueIdentifier>
      <Extensions>h;hh;hpp;hxx;h++;hm;inl;inc;ipp;xsd</Extensions>
    </Filter>
    <Filter Include="Resource Files">
      <UniqueIdentifier>{67DA6AB6-F800-4c08-8B7A-83BB121AAD01}</UniqueIdentifier>
      <Extensions>rc;ico;cur;bmp;dlg;rc2;rct;bin;rgs;gif;jpg;jpeg;jpe;resx;tiff;tif;png;wav;mfcribbon-ms</Extensions>
    </Filter>
  </ItemGroup>
  <ItemGroup>
    <ClInclude Include="pch.h">
      <Filter>Header Files</Filter>
    </ClInclude>
    <ClInclude Include="SceneGraph.h">
      <Filter>Header Files</Filter>
    </ClInclude>
    <ClInclude Include="DonutEnginePch.h">
      <Filter>Header Files</Filter>
    </ClInclude>
    <ClInclude Include="TextureCache.h">
      <Filter>Header Files</Filter>
    </ClInclude>
    <ClInclude Include="View.h">
      <Filter>Header Files</Filter>
    </ClInclude>
    <ClInclude Include="AudioCache.h">
      <Filter>Header Files</Filter>
    </ClInclude>
    <ClInclude Include="AudioEngine.h">
      <Filter>Header Files</Filter>
    </ClInclude>
    <ClInclude Include="BindingCache.h">
      <Filter>Header Files</Filter>
    </ClInclude>
    <ClInclude Include="CommonRenderPasses.h">
      <Filter>Header Files</Filter>
    </ClInclude>
    <ClInclude Include="ConsoleInterpreter.h">
      <Filter>Header Files</Filter>
    </ClInclude>
    <ClInclude Include="ConsoleObjects.h">
      <Filter>Header Files</Filter>
    </ClInclude>
    <ClInclude Include="dds.h">
      <Filter>Header Files</Filter>
    </ClInclude>
    <ClInclude Include="DDSFile.h">
      <Filter>Header Files</Filter>
    </ClInclude>
    <ClInclude Include="DescriptorTableManager.h">
      <Filter>Header Files</Filter>
    </ClInclude>
    <ClInclude Include="FramebufferFactory.h">
      <Filter>Header Files</Filter>
    </ClInclude>
    <ClInclude Include="GltfImporter.h">
      <Filter>Header Files</Filter>
    </ClInclude>
    <ClInclude Include="IesProfile.h">
      <Filter>Header Files</Filter>
    </ClInclude>
    <ClInclude Include="KeyframeAnimation.h">
      <Filter>Header Files</Filter>
    </ClInclude>
    <ClInclude Include="MaterialBindingCache.h">
      <Filter>Header Files</Filter>
    </ClInclude>
    <ClInclude Include="Scene.h">
      <Filter>Header Files</Filter>
    </ClInclude>
    <ClInclude Include="SceneTypes.h">
      <Filter>Header Files</Filter>
    </ClInclude>
    <ClInclude Include="ShaderFactory.h">
      <Filter>Header Files</Filter>
    </ClInclude>
    <ClInclude Include="ShadowMap.h">
      <Filter>Header Files</Filter>
    </ClInclude>
  </ItemGroup>
  <ItemGroup>
    <ClCompile Include="pch.cpp">
      <Filter>Source Files</Filter>
    </ClCompile>
    <ClCompile Include="SceneGraph.cpp">
      <Filter>Source Files</Filter>
    </ClCompile>
    <ClCompile Include="TextureCache.cpp">
      <Filter>Source Files</Filter>
    </ClCompile>
    <ClCompile Include="View.cpp">
      <Filter>Source Files</Filter>
    </ClCompile>
    <ClCompile Include="AudioCache.cpp">
      <Filter>Source Files</Filter>
    </ClCompile>
    <ClCompile Include="AudioEngine.cpp">
      <Filter>Source Files</Filter>
    </ClCompile>
    <ClCompile Include="BindingCache.cpp">
      <Filter>Source Files</Filter>
    </ClCompile>
    <ClCompile Include="CommonRenderPasses.cpp">
      <Filter>Source Files</Filter>
    </ClCompile>
    <ClCompile Include="ConsoleInterpreter.cpp">
      <Filter>Source Files</Filter>
    </ClCompile>
    <ClCompile Include="ConsoleObjects.cpp">
      <Filter>Source Files</Filter>
    </ClCompile>
    <ClCompile Include="DDSFile.cpp">
      <Filter>Source Files</Filter>
    </ClCompile>
    <ClCompile Include="DescriptorTableManager.cpp">
      <Filter>Source Files</Filter>
    </ClCompile>
    <ClCompile Include="FramebufferFactory.cpp">
      <Filter>Source Files</Filter>
    </ClCompile>
    <ClCompile Include="GltfImporter.cpp">
      <Filter>Source Files</Filter>
    </ClCompile>
    <ClCompile Include="IesProfile.cpp">
      <Filter>Source Files</Filter>
    </ClCompile>
    <ClCompile Include="KeyframeAnimation.cpp">
      <Filter>Source Files</Filter>
    </ClCompile>
    <ClCompile Include="Material.cpp">
      <Filter>Source Files</Filter>
    </ClCompile>
    <ClCompile Include="MaterialBindingCache.cpp">
      <Filter>Source Files</Filter>
    </ClCompile>
    <ClCompile Include="Scene.cpp">
      <Filter>Source Files</Filter>
    </ClCompile>
    <ClCompile Include="SceneTypes.cpp">
      <Filter>Source Files</Filter>
    </ClCompile>
    <ClCompile Include="ShaderFactory.cpp">
      <Filter>Source Files</Filter>
    </ClCompile>
  </ItemGroup>
  <ItemGroup>
    <None Include="stb_impl.c">
      <Filter>Source Files</Filter>
    </None>
  </ItemGroup>
</Project>