<?xml version="1.0" encoding="utf-8"?>
<Project ToolsVersion="4.0" xmlns="http://schemas.microsoft.com/developer/msbuild/2003">
  <ItemGroup>
    <Filter Include="Source Files">
      <UniqueIdentifier>{4FC737F1-C7A5-4376-A066-2A32D752A2FF}</UniqueIdentifier>
      <Extensions>cpp;c;cc;cxx;c++;cppm;ixx;def;odl;idl;hpj;bat;asm;asmx</Extensions>
    </Filter>
    <Filter Include="Header Files">
      <UniqueIdentifier>{93995380-89BD-4b04-88EB-625FBE52EBFB}</UniqueIdentifier>
      <Extensions>h;hh;hpp;hxx;h++;hm;inl;inc;ipp;xsd</Extensions>
    </Filter>
    <Filter Include="Resource Files">
      <UniqueIdentifier>{67DA6AB6-F800-4c08-8B7A-83BB121AAD01}</UniqueIdentifier>
      <Extensions>rc;ico;cur;bmp;dlg;rc2;rct;bin;rgs;gif;jpg;jpeg;jpe;resx;tiff;tif;png;wav;mfcribbon-ms</Extensions>
    </Filter>
  </ItemGroup>
  <ItemGroup>
    <ClInclude Include="GBuffer.h">
      <Filter>Header Files</Filter>
    </ClInclude>
    <ClInclude Include="GBufferFillPass.h">
      <Filter>Header Files</Filter>
    </ClInclude>
    <ClInclude Include="GeometryPasses.h">
      <Filter>Header Files</Filter>
    </ClInclude>
    <ClInclude Include="JointsRenderPass.h">
      <Filter>Header Files</Filter>
    </ClInclude>
    <ClInclude Include="LightProbeProcessingPass.h">
      <Filter>Header Files</Filter>
    </ClInclude>
    <ClInclude Include="MipMapGenPass.h">
      <Filter>Header Files</Filter>
    </ClInclude>
    <ClInclude Include="PixelReadbackPass.h">
      <Filter>Header Files</Filter>
    </ClInclude>
    <ClInclude Include="PlanarShadowMap.h">
      <Filter>Header Files</Filter>
    </ClInclude>
    <ClInclude Include="SkyPass.h">
      <Filter>Header Files</Filter>
    </ClInclude>
    <ClInclude Include="SsaoPass.h">
      <Filter>Header Files</Filter>
    </ClInclude>
    <ClInclude Include="TemporalAntiAliasingPass.h">
      <Filter>Header Files</Filter>
    </ClInclude>
    <ClInclude Include="ToneMappingPasses.h">
      <Filter>Header Files</Filter>
    </ClInclude>
    <ClInclude Include="BloomPass.h">
      <Filter>Header Files</Filter>
    </ClInclude>
    <ClInclude Include="CascadedShadowMap.h">
      <Filter>Header Files</Filter>
    </ClInclude>
    <ClInclude Include="DeferredLightingPass.h">
      <Filter>Header Files</Filter>
    </ClInclude>
    <ClInclude Include="DepthPass.h">
      <Filter>Header Files</Filter>
    </ClInclude>
    <ClInclude Include="DrawStrategy.h">
      <Filter>Header Files</Filter>
    </ClInclude>
    <ClInclude Include="EnvironmentMapPass.h">
      <Filter>Header Files</Filter>
    </ClInclude>
    <ClInclude Include="ForwardShadingPass.h">
      <Filter>Header Files</Filter>
    </ClInclude>
    <ClInclude Include="pch.h">
      <Filter>Header Files</Filter>
    </ClInclude>
    <ClInclude Include="DonutRenderPch.h">
      <Filter>Header Files</Filter>
    </ClInclude>
  </ItemGroup>
  <ItemGroup>
    <ClCompile Include="MipMapGenPass.cpp">
      <Filter>Source Files</Filter>
    </ClCompile>
    <ClCompile Include="PixelReadbackPass.cpp">
      <Filter>Source Files</Filter>
    </ClCompile>
    <ClCompile Include="PlanarShadowMap.cpp">
      <Filter>Source Files</Filter>
    </ClCompile>
    <ClCompile Include="SkyPass.cpp">
      <Filter>Source Files</Filter>
    </ClCompile>
    <ClCompile Include="SsaoPass.cpp">
      <Filter>Source Files</Filter>
    </ClCompile>
    <ClCompile Include="TemporalAntiAliasingPass.cpp">
      <Filter>Source Files</Filter>
    </ClCompile>
    <ClCompile Include="ToneMappingPasses.cpp">
      <Filter>Source Files</Filter>
    </ClCompile>
    <ClCompile Include="BloomPass.cpp">
      <Filter>Source Files</Filter>
    </ClCompile>
    <ClCompile Include="CascadedShadowMap.cpp">
      <Filter>Source Files</Filter>
    </ClCompile>
    <ClCompile Include="DeferredLightingPass.cpp">
      <Filter>Source Files</Filter>
    </ClCompile>
    <ClCompile Include="DepthPass.cpp">
      <Filter>Source Files</Filter>
    </ClCompile>
    <ClCompile Include="DrawStrategy.cpp">
      <Filter>Source Files</Filter>
    </ClCompile>
    <ClCompile Include="EnvironmentMapPass.cpp">
      <Filter>Source Files</Filter>
    </ClCompile>
    <ClCompile Include="ForwardShadingPass.cpp">
      <Filter>Source Files</Filter>
    </ClCompile>
    <ClCompile Include="GBuffer.cpp">
      <Filter>Source Files</Filter>
    </ClCompile>
    <ClCompile Include="GBufferFillPass.cpp">
      <Filter>Source Files</Filter>
    </ClCompile>
    <ClCompile Include="GeometryPasses.cpp">
      <Filter>Source Files</Filter>
    </ClCompile>
    <ClCompile Include="JointsRenderPass.cpp">
      <Filter>Source Files</Filter>
    </ClCompile>
    <ClCompile Include="LightProbeProcessingPass.cpp">
      <Filter>Source Files</Filter>
    </ClCompile>
    <ClCompile Include="pch.cpp">
      <Filter>Source Files</Filter>
    </ClCompile>
  </ItemGroup>
</Project>