<?xml version="1.0" encoding="utf-8"?>
<Project ToolsVersion="4.0" xmlns="http://schemas.microsoft.com/developer/msbuild/2003">
  <ItemGroup>
    <Filter Include="Source Files">
      <UniqueIdentifier>{4FC737F1-C7A5-4376-A066-2A32D752A2FF}</UniqueIdentifier>
      <Extensions>cpp;c;cc;cxx;c++;cppm;ixx;def;odl;idl;hpj;bat;asm;asmx</Extensions>
    </Filter>
    <Filter Include="Header Files">
      <UniqueIdentifier>{93995380-89BD-4b04-88EB-625FBE52EBFB}</UniqueIdentifier>
      <Extensions>h;hh;hpp;hxx;h++;hm;inl;inc;ipp;xsd</Extensions>
    </Filter>
    <Filter Include="Resource Files">
      <UniqueIdentifier>{67DA6AB6-F800-4c08-8B7A-83BB121AAD01}</UniqueIdentifier>
      <Extensions>rc;ico;cur;bmp;dlg;rc2;rct;bin;rgs;gif;jpg;jpeg;jpe;resx;tiff;tif;png;wav;mfcribbon-ms</Extensions>
    </Filter>
    <Filter Include="Header Files\Core">
      <UniqueIdentifier>{e880d5bf-5cb2-41d1-b929-f785795e6bca}</UniqueIdentifier>
    </Filter>
    <Filter Include="Header Files\Physics">
      <UniqueIdentifier>{9f8e90e5-3105-4b7f-b021-b9e9e0e5b378}</UniqueIdentifier>
    </Filter>
    <Filter Include="Header Files\Audio">
      <UniqueIdentifier>{1dfbbc52-c3bc-4ac3-a177-99ba0c4112af}</UniqueIdentifier>
    </Filter>
    <Filter Include="Header Files\Render">
      <UniqueIdentifier>{8e389dbe-c8e4-4fb0-b6a9-1bdfc1db8400}</UniqueIdentifier>
    </Filter>
    <Filter Include="Header Files\Render\Light">
      <UniqueIdentifier>{be60cb14-c6a3-4b0a-918a-2e6b1dc51049}</UniqueIdentifier>
    </Filter>
    <Filter Include="Header Files\Render\Mesh">
      <UniqueIdentifier>{7f33e4e0-2fe1-4d54-89e9-ca58dba55c2b}</UniqueIdentifier>
    </Filter>
  </ItemGroup>
  <ItemGroup>
    <ClCompile Include="main.cpp">
      <Filter>Source Files</Filter>
    </ClCompile>
    <ClCompile Include="pch.cpp">
      <Filter>Source Files</Filter>
    </ClCompile>
  </ItemGroup>
  <ItemGroup>
    <ClInclude Include="ECSComponent.h">
      <Filter>Header Files\Core</Filter>
    </ClInclude>
    <ClInclude Include="ECSConfig.h">
      <Filter>Header Files\Core</Filter>
    </ClInclude>
    <ClInclude Include="ECSCoordinator.h">
      <Filter>Header Files\Core</Filter>
    </ClInclude>
    <ClInclude Include="ECSEntity.h">
      <Filter>Header Files\Core</Filter>
    </ClInclude>
    <ClInclude Include="ECSSystem.h">
      <Filter>Header Files\Core</Filter>
    </ClInclude>
    <ClInclude Include="PhysicsSystem.h">
      <Filter>Header Files\Physics</Filter>
    </ClInclude>
    <ClInclude Include="FMODAudioComponent.h">
      <Filter>Header Files\Audio</Filter>
    </ClInclude>
    <ClInclude Include="pch.h">
      <Filter>Header Files</Filter>
    </ClInclude>
    <ClInclude Include="ECSCorePch.h">
      <Filter>Header Files</Filter>
    </ClInclude>
    <ClInclude Include="PhysicsComponent.h">
      <Filter>Header Files\Physics</Filter>
    </ClInclude>
    <ClInclude Include="FMODAudioSystem.h">
      <Filter>Header Files\Audio</Filter>
    </ClInclude>
    <ClInclude Include="RenderComponent.h">
      <Filter>Header Files\Render</Filter>
    </ClInclude>
    <ClInclude Include="RenderSystem.h">
      <Filter>Header Files\Render</Filter>
    </ClInclude>
    <ClInclude Include="LightSystem.h">
      <Filter>Header Files\Render\Light</Filter>
    </ClInclude>
    <ClInclude Include="LightComponent.h">
      <Filter>Header Files\Render\Light</Filter>
    </ClInclude>
    <ClInclude Include="MeshRepository.h">
      <Filter>Header Files\Render\Mesh</Filter>
    </ClInclude>
    <ClInclude Include="MeshComponent.h">
      <Filter>Header Files\Render\Mesh</Filter>
    </ClInclude>
    <ClInclude Include="MeshSystem.h">
      <Filter>Header Files\Render\Mesh</Filter>
    </ClInclude>
  </ItemGroup>
</Project>