<?xml version="1.0" encoding="utf-8"?>
<Project ToolsVersion="4.0" xmlns="http://schemas.microsoft.com/developer/msbuild/2003">
  <ItemGroup>
    <Filter Include="Source Files">
      <UniqueIdentifier>{4FC737F1-C7A5-4376-A066-2A32D752A2FF}</UniqueIdentifier>
      <Extensions>cpp;c;cc;cxx;c++;cppm;ixx;def;odl;idl;hpj;bat;asm;asmx</Extensions>
    </Filter>
    <Filter Include="Header Files">
      <UniqueIdentifier>{93995380-89BD-4b04-88EB-625FBE52EBFB}</UniqueIdentifier>
      <Extensions>h;hh;hpp;hxx;h++;hm;inl;inc;ipp;xsd</Extensions>
    </Filter>
    <Filter Include="Resource Files">
      <UniqueIdentifier>{67DA6AB6-F800-4c08-8B7A-83BB121AAD01}</UniqueIdentifier>
      <Extensions>rc;ico;cur;bmp;dlg;rc2;rct;bin;rgs;gif;jpg;jpeg;jpe;resx;tiff;tif;png;wav;mfcribbon-ms</Extensions>
    </Filter>
    <Filter Include="Header Files\Core">
      <UniqueIdentifier>{e880d5bf-5cb2-41d1-b929-f785795e6bca}</UniqueIdentifier>
    </Filter>
    <Filter Include="Header Files\MyComponent">
      <UniqueIdentifier>{1dfbbc52-c3bc-4ac3-a177-99ba0c4112af}</UniqueIdentifier>
    </Filter>
    <Filter Include="Header Files\MySystem">
      <UniqueIdentifier>{9f8e90e5-3105-4b7f-b021-b9e9e0e5b378}</UniqueIdentifier>
    </Filter>
  </ItemGroup>
  <ItemGroup>
    <ClCompile Include="main.cpp">
      <Filter>Source Files</Filter>
    </ClCompile>
  </ItemGroup>
  <ItemGroup>
    <ClInclude Include="ECSComponent.h">
      <Filter>Header Files\Core</Filter>
    </ClInclude>
    <ClInclude Include="ECSConfig.h">
      <Filter>Header Files\Core</Filter>
    </ClInclude>
    <ClInclude Include="ECSCoordinator.h">
      <Filter>Header Files\Core</Filter>
    </ClInclude>
    <ClInclude Include="ECSEntity.h">
      <Filter>Header Files\Core</Filter>
    </ClInclude>
    <ClInclude Include="ECSSystem.h">
      <Filter>Header Files\Core</Filter>
    </ClInclude>
    <ClInclude Include="GravityComponent.h">
      <Filter>Header Files\MyComponent</Filter>
    </ClInclude>
    <ClInclude Include="PhysicsSystem.h">
      <Filter>Header Files\MySystem</Filter>
    </ClInclude>
  </ItemGroup>
</Project>