
Microsoft Visual Studio Solution File, Format Version 12.00
# Visual Studio Version 17
VisualStudioVersion = 17.4.33213.308
MinimumVisualStudioVersion = 10.0.40219.1
Project("{8BC9CEB8-8B4A-11D0-8D11-00A0C91BC942}") = "LandAndWaves", "LandAndWaves\LandAndWaves.vcxproj", "{6940BB85-F4A2-4429-BC01-688FD7C165C7}"
EndProject
Project("{8BC9CEB8-8B4A-11D0-8D11-00A0C91BC942}") = "EngineCore", "EngineCore\EngineCore.vcxproj", "{91F731FD-2B9E-4B63-922B-53F8D00453AC}"
EndProject
Project("{8BC9CEB8-8B4A-11D0-8D11-00A0C91BC942}") = "Shapes", "Shapes\Shapes.vcxproj", "{F21C6671-2252-49F7-956E-CE75B87E3AB8}"
EndProject
Project("{8BC9CEB8-8B4A-11D0-8D11-00A0C91BC942}") = "TestImGui", "TestImGui\TestImGui.vcxproj", "{F49A903A-77B0-477C-BFDE-41DBBFED3A77}"
EndProject
Project("{8BC9CEB8-8B4A-11D0-8D11-00A0C91BC942}") = "LitColumns", "LitColumns\LitColumns.vcxproj", "{142C9DFC-F125-4DFC-B205-F60DA26EC48B}"
EndProject
Global
	GlobalSection(SolutionConfigurationPlatforms) = preSolution
		Debug|x64 = Debug|x64
		Debug|x86 = Debug|x86
		Release|x64 = Release|x64
		Release|x86 = Release|x86
	EndGlobalSection
	GlobalSection(ProjectConfigurationPlatforms) = postSolution
		{6940BB85-F4A2-4429-BC01-688FD7C165C7}.Debug|x64.ActiveCfg = Debug|x64
		{6940BB85-F4A2-4429-BC01-688FD7C165C7}.Debug|x64.Build.0 = Debug|x64
		{6940BB85-F4A2-4429-BC01-688FD7C165C7}.Debug|x86.ActiveCfg = Debug|Win32
		{6940BB85-F4A2-4429-BC01-688FD7C165C7}.Debug|x86.Build.0 = Debug|Win32
		{6940BB85-F4A2-4429-BC01-688FD7C165C7}.Release|x64.ActiveCfg = Release|x64
		{6940BB85-F4A2-4429-BC01-688FD7C165C7}.Release|x64.Build.0 = Release|x64
		{6940BB85-F4A2-4429-BC01-688FD7C165C7}.Release|x86.ActiveCfg = Release|Win32
		{6940BB85-F4A2-4429-BC01-688FD7C165C7}.Release|x86.Build.0 = Release|Win32
		{91F731FD-2B9E-4B63-922B-53F8D00453AC}.Debug|x64.ActiveCfg = Debug|x64
		{91F731FD-2B9E-4B63-922B-53F8D00453AC}.Debug|x64.Build.0 = Debug|x64
		{91F731FD-2B9E-4B63-922B-53F8D00453AC}.Debug|x86.ActiveCfg = Debug|Win32
		{91F731FD-2B9E-4B63-922B-53F8D00453AC}.Debug|x86.Build.0 = Debug|Win32
		{91F731FD-2B9E-4B63-922B-53F8D00453AC}.Release|x64.ActiveCfg = Release|x64
		{91F731FD-2B9E-4B63-922B-53F8D00453AC}.Release|x64.Build.0 = Release|x64
		{91F731FD-2B9E-4B63-922B-53F8D00453AC}.Release|x86.ActiveCfg = Release|Win32
		{91F731FD-2B9E-4B63-922B-53F8D00453AC}.Release|x86.Build.0 = Release|Win32
		{F21C6671-2252-49F7-956E-CE75B87E3AB8}.Debug|x64.ActiveCfg = Debug|x64
		{F21C6671-2252-49F7-956E-CE75B87E3AB8}.Debug|x64.Build.0 = Debug|x64
		{F21C6671-2252-49F7-956E-CE75B87E3AB8}.Debug|x86.ActiveCfg = Debug|Win32
		{F21C6671-2252-49F7-956E-CE75B87E3AB8}.Debug|x86.Build.0 = Debug|Win32
		{F21C6671-2252-49F7-956E-CE75B87E3AB8}.Release|x64.ActiveCfg = Release|x64
		{F21C6671-2252-49F7-956E-CE75B87E3AB8}.Release|x64.Build.0 = Release|x64
		{F21C6671-2252-49F7-956E-CE75B87E3AB8}.Release|x86.ActiveCfg = Release|Win32
		{F21C6671-2252-49F7-956E-CE75B87E3AB8}.Release|x86.Build.0 = Release|Win32
		{F49A903A-77B0-477C-BFDE-41DBBFED3A77}.Debug|x64.ActiveCfg = Debug|x64
		{F49A903A-77B0-477C-BFDE-41DBBFED3A77}.Debug|x64.Build.0 = Debug|x64
		{F49A903A-77B0-477C-BFDE-41DBBFED3A77}.Debug|x86.ActiveCfg = Debug|Win32
		{F49A903A-77B0-477C-BFDE-41DBBFED3A77}.Debug|x86.Build.0 = Debug|Win32
		{F49A903A-77B0-477C-BFDE-41DBBFED3A77}.Release|x64.ActiveCfg = Release|x64
		{F49A903A-77B0-477C-BFDE-41DBBFED3A77}.Release|x64.Build.0 = Release|x64
		{F49A903A-77B0-477C-BFDE-41DBBFED3A77}.Release|x86.ActiveCfg = Release|Win32
		{F49A903A-77B0-477C-BFDE-41DBBFED3A77}.Release|x86.Build.0 = Release|Win32
		{142C9DFC-F125-4DFC-B205-F60DA26EC48B}.Debug|x64.ActiveCfg = Debug|x64
		{142C9DFC-F125-4DFC-B205-F60DA26EC48B}.Debug|x64.Build.0 = Debug|x64
		{142C9DFC-F125-4DFC-B205-F60DA26EC48B}.Debug|x86.ActiveCfg = Debug|Win32
		{142C9DFC-F125-4DFC-B205-F60DA26EC48B}.Debug|x86.Build.0 = Debug|Win32
		{142C9DFC-F125-4DFC-B205-F60DA26EC48B}.Release|x64.ActiveCfg = Release|x64
		{142C9DFC-F125-4DFC-B205-F60DA26EC48B}.Release|x64.Build.0 = Release|x64
		{142C9DFC-F125-4DFC-B205-F60DA26EC48B}.Release|x86.ActiveCfg = Release|Win32
		{142C9DFC-F125-4DFC-B205-F60DA26EC48B}.Release|x86.Build.0 = Release|Win32
	EndGlobalSection
	GlobalSection(SolutionProperties) = preSolution
		HideSolutionNode = FALSE
	EndGlobalSection
	GlobalSection(ExtensibilityGlobals) = postSolution
		SolutionGuid = {18487EB4-6B46-410B-8F2B-A554E251FB01}
	EndGlobalSection
EndGlobal
