
Microsoft Visual Studio Solution File, Format Version 12.00
# Visual Studio Version 17
VisualStudioVersion = 17.4.33213.308
MinimumVisualStudioVersion = 10.0.40219.1
Project("{8BC9CEB8-8B4A-11D0-8D11-00A0C91BC942}") = "LandAndWaves", "LandAndWaves\LandAndWaves.vcxproj", "{6940BB85-F4A2-4429-BC01-688FD7C165C7}"
EndProject
Project("{8BC9CEB8-8B4A-11D0-8D11-00A0C91BC942}") = "EngineCore", "EngineCore\EngineCore.vcxproj", "{91F731FD-2B9E-4B63-922B-53F8D00453AC}"
EndProject
Project("{8BC9CEB8-8B4A-11D0-8D11-00A0C91BC942}") = "Shapes", "Shapes\Shapes.vcxproj", "{F21C6671-2252-49F7-956E-CE75B87E3AB8}"
EndProject
Project("{8BC9CEB8-8B4A-11D0-8D11-00A0C91BC942}") = "TestImGui", "TestImGui\TestImGui.vcxproj", "{F49A903A-77B0-477C-BFDE-41DBBFED3A77}"
EndProject
Project("{8BC9CEB8-8B4A-11D0-8D11-00A0C91BC942}") = "LitColumns", "LitColumns\LitColumns.vcxproj", "{142C9DFC-F125-4DFC-B205-F60DA26EC48B}"
EndProject
Project("{8BC9CEB8-8B4A-11D0-8D11-00A0C91BC942}") = "LitWaves", "LitWaves\LitWaves.vcxproj", "{09DA7A9B-0C35-4723-9E94-709632766161}"
EndProject
Project("{8BC9CEB8-8B4A-11D0-8D11-00A0C91BC942}") = "TexBox", "TexBox\TexBox.vcxproj", "{EABAFAF5-02FC-4365-80F3-9081E2D4B9F1}"
EndProject
Project("{2150E333-8FDC-42A3-9474-1A3956D46DE8}") = "00. Common", "00. Common", "{7351FB27-F415-4AE2-AAB5-F99B0E59083F}"
EndProject
Project("{2150E333-8FDC-42A3-9474-1A3956D46DE8}") = "06~7", "06~7", "{2732CA3B-DC09-4F64-BD44-08E09230392A}"
EndProject
Project("{2150E333-8FDC-42A3-9474-1A3956D46DE8}") = "08. Light", "08. Light", "{BD25A7CE-545D-42B1-9A99-10A966D179C3}"
EndProject
Project("{2150E333-8FDC-42A3-9474-1A3956D46DE8}") = "zz. Test", "zz. Test", "{718D64CD-8069-42BB-9281-5695669C6622}"
EndProject
Project("{2150E333-8FDC-42A3-9474-1A3956D46DE8}") = "09. Texture", "09. Texture", "{607315F8-4AA9-4897-BA6B-F3FDD0F2E8DA}"
EndProject
Project("{8BC9CEB8-8B4A-11D0-8D11-00A0C91BC942}") = "ImGuiCore", "ImGuiCore\ImGuiCore.vcxproj", "{87638851-101A-4FFE-BF63-BC21CC9DFCEE}"
EndProject
Project("{2150E333-8FDC-42A3-9474-1A3956D46DE8}") = "10. Blending", "10. Blending", "{238298A8-FB15-4024-8286-366B8C3FFD5B}"
EndProject
Project("{8BC9CEB8-8B4A-11D0-8D11-00A0C91BC942}") = "BlendDemo", "BlendDemo\BlendDemo.vcxproj", "{544192B3-AD8E-4146-BEA4-479A65D3C444}"
EndProject
Project("{2150E333-8FDC-42A3-9474-1A3956D46DE8}") = "11. Stenciling", "11. Stenciling", "{0B737264-DC37-4947-AE0C-8FF96F623545}"
EndProject
Project("{8BC9CEB8-8B4A-11D0-8D11-00A0C91BC942}") = "StencilDemo", "StencilDemo\StencilDemo.vcxproj", "{649CC779-F4CD-4948-AAEE-4F5213A87A74}"
EndProject
Project("{8BC9CEB8-8B4A-11D0-8D11-00A0C91BC942}") = "ImGuiImageTest", "ImGuiImageTest\ImGuiImageTest.vcxproj", "{0832DCCB-FF03-44E8-B473-241D80DEF760}"
EndProject
Project("{2150E333-8FDC-42A3-9474-1A3956D46DE8}") = "12. Geometry Shader", "12. Geometry Shader", "{FFDA2D26-0756-4AF4-94E5-39A407C25BFA}"
EndProject
Project("{8BC9CEB8-8B4A-11D0-8D11-00A0C91BC942}") = "Billboard", "Billboard\Billboard.vcxproj", "{F2176F77-50CB-4BE4-B0C0-153D6C16CE0C}"
EndProject
Project("{8BC9CEB8-8B4A-11D0-8D11-00A0C91BC942}") = "GeometryShader", "GeometryShader\GeometryShader.vcxproj", "{E8070A53-8A90-4F20-9C33-DDA9C6A6D40B}"
EndProject
Project("{2150E333-8FDC-42A3-9474-1A3956D46DE8}") = "13. Compute Shader", "13. Compute Shader", "{898502C1-F438-406F-BB24-349815C50748}"
EndProject
Project("{8BC9CEB8-8B4A-11D0-8D11-00A0C91BC942}") = "ComputeFilter", "ComputeFilter\ComputeFilter.vcxproj", "{ABBC4AF3-0081-415E-88AC-8757A037D400}"
EndProject
Project("{8BC9CEB8-8B4A-11D0-8D11-00A0C91BC942}") = "WavesCS", "WavesCS\WavesCS.vcxproj", "{51CF5339-9EDA-4F25-87EC-4CEE41F0B0C1}"
EndProject
Project("{2150E333-8FDC-42A3-9474-1A3956D46DE8}") = "14. Tesselation Shader", "14. Tesselation Shader", "{CD767F65-02BE-4955-BC0D-2C67B5DCDA39}"
EndProject
Project("{8BC9CEB8-8B4A-11D0-8D11-00A0C91BC942}") = "Tessellation", "Tessellation\Tessellation.vcxproj", "{8C76FED5-FFD0-4545-928C-61F06ADFEB9E}"
EndProject
Project("{2150E333-8FDC-42A3-9474-1A3956D46DE8}") = "15. First Person Camera", "15. First Person Camera", "{D1F5BB33-8D50-4E23-BFEE-F4AA11C12FBD}"
EndProject
Project("{8BC9CEB8-8B4A-11D0-8D11-00A0C91BC942}") = "CompileShader", "CompileShader\CompileShader.vcxproj", "{24C7AEC7-F448-4AAF-AA37-8FD6FC0F5570}"
EndProject
Project("{2150E333-8FDC-42A3-9474-1A3956D46DE8}") = "16. Instancing And Culling", "16. Instancing And Culling", "{4C017692-4E9B-4C98-ACCC-7E6A49079F00}"
EndProject
Project("{8BC9CEB8-8B4A-11D0-8D11-00A0C91BC942}") = "Culling", "Culling\Culling.vcxproj", "{3F79F1C3-1474-494C-84D1-D13D06FFDB40}"
EndProject
Project("{8BC9CEB8-8B4A-11D0-8D11-00A0C91BC942}") = "Instancing", "Instancing\Instancing.vcxproj", "{4BCFCEFC-443D-4EB6-B292-AB97571CE16F}"
EndProject
Project("{2150E333-8FDC-42A3-9474-1A3956D46DE8}") = "17. Picking", "17. Picking", "{29727913-2E74-4FB9-B2BB-97611488226E}"
EndProject
Project("{8BC9CEB8-8B4A-11D0-8D11-00A0C91BC942}") = "Picking", "Picking\Picking.vcxproj", "{AFAD2E73-6B26-4DD3-BEBC-284B5D91333B}"
EndProject
Project("{2150E333-8FDC-42A3-9474-1A3956D46DE8}") = "18. Cube Mapping", "18. Cube Mapping", "{1C33BACF-757B-48B8-9197-604C270CA7C9}"
EndProject
Project("{8BC9CEB8-8B4A-11D0-8D11-00A0C91BC942}") = "CubeMap", "CubeMap\CubeMap.vcxproj", "{2C32641C-A746-4F54-AA97-1E97C58A1CE1}"
EndProject
Project("{8BC9CEB8-8B4A-11D0-8D11-00A0C91BC942}") = "DynamicCubeMap", "DynamicCubeMap\DynamicCubeMap.vcxproj", "{E20321AA-4713-45BB-811B-E7B4109C55ED}"
EndProject
Project("{2150E333-8FDC-42A3-9474-1A3956D46DE8}") = "19. Normal Mapping", "19. Normal Mapping", "{84646A7A-BEDF-4500-9B5D-F1C81DDD373E}"
EndProject
Project("{8BC9CEB8-8B4A-11D0-8D11-00A0C91BC942}") = "NormalMap", "NormalMap\NormalMap.vcxproj", "{384684A7-6314-4713-B227-8E5235E65B72}"
EndProject
Project("{2150E333-8FDC-42A3-9474-1A3956D46DE8}") = "20. Shadow Mapping", "20. Shadow Mapping", "{82456251-FEB2-441B-963B-057997818196}"
EndProject
Project("{8BC9CEB8-8B4A-11D0-8D11-00A0C91BC942}") = "ShadowMap", "ShadowMap\ShadowMap.vcxproj", "{26530E3D-457C-46E5-AE26-0ED465A913C7}"
EndProject
Project("{2150E333-8FDC-42A3-9474-1A3956D46DE8}") = "21. Ambient Occlusion", "21. Ambient Occlusion", "{781DE1B8-ADF8-4980-A09C-CA8BEF9FE88F}"
EndProject
Project("{8BC9CEB8-8B4A-11D0-8D11-00A0C91BC942}") = "SsaoMap", "SsaoMap\SsaoMap.vcxproj", "{773FD928-3001-44E8-98F7-4759F6353FF5}"
EndProject
Project("{2150E333-8FDC-42A3-9474-1A3956D46DE8}") = "23. Character Animation", "23. Character Animation", "{86264AA4-AD76-47DE-BB71-A9344F066760}"
EndProject
Project("{8BC9CEB8-8B4A-11D0-8D11-00A0C91BC942}") = "SkinnedMesh", "SkinnedMesh\SkinnedMesh.vcxproj", "{0669E3B2-F221-4240-AB6F-C1B5E69EF197}"
EndProject
Project("{8BC9CEB8-8B4A-11D0-8D11-00A0C91BC942}") = "InstanceTest", "InstanceTest\InstanceTest.vcxproj", "{1FEE42CB-622A-4B7D-8052-9C03189C36DF}"
EndProject
Project("{8BC9CEB8-8B4A-11D0-8D11-00A0C91BC942}") = "AssemblyTest", "AssemblyTest\AssemblyTest.vcxproj", "{CF5EEE31-BEB8-4B02-B274-694D627E18A5}"
EndProject
Project("{2150E333-8FDC-42A3-9474-1A3956D46DE8}") = "24. Frame Interpolation", "24. Frame Interpolation", "{C3DDC28F-F21D-4B6A-A6C0-842299EFB49B}"
EndProject
Project("{8BC9CEB8-8B4A-11D0-8D11-00A0C91BC942}") = "FrameInterpolation", "FrameInterpolation\FrameInterpolation.vcxproj", "{741FBC87-1033-4C9F-ADB2-FCD7D21446EF}"
EndProject
Project("{8BC9CEB8-8B4A-11D0-8D11-00A0C91BC942}") = "FrameInterpolationV2", "FrameInterpolationV2\FrameInterpolationV2.vcxproj", "{E1668A83-0C15-44BF-8483-8F4546183C91}"
EndProject
Project("{8BC9CEB8-8B4A-11D0-8D11-00A0C91BC942}") = "FrameInterpolationV3", "FrameInterpolationV3\FrameInterpolationV3.vcxproj", "{6699FF1B-E02D-4E33-AEE0-6E94D223E49C}"
EndProject
Global
	GlobalSection(SolutionConfigurationPlatforms) = preSolution
		Debug|x64 = Debug|x64
		Debug|x86 = Debug|x86
		Release|x64 = Release|x64
		Release|x86 = Release|x86
	EndGlobalSection
	GlobalSection(ProjectConfigurationPlatforms) = postSolution
		{6940BB85-F4A2-4429-BC01-688FD7C165C7}.Debug|x64.ActiveCfg = Debug|x64
		{6940BB85-F4A2-4429-BC01-688FD7C165C7}.Debug|x64.Build.0 = Debug|x64
		{6940BB85-F4A2-4429-BC01-688FD7C165C7}.Debug|x86.ActiveCfg = Debug|Win32
		{6940BB85-F4A2-4429-BC01-688FD7C165C7}.Debug|x86.Build.0 = Debug|Win32
		{6940BB85-F4A2-4429-BC01-688FD7C165C7}.Release|x64.ActiveCfg = Release|x64
		{6940BB85-F4A2-4429-BC01-688FD7C165C7}.Release|x64.Build.0 = Release|x64
		{6940BB85-F4A2-4429-BC01-688FD7C165C7}.Release|x86.ActiveCfg = Release|Win32
		{6940BB85-F4A2-4429-BC01-688FD7C165C7}.Release|x86.Build.0 = Release|Win32
		{91F731FD-2B9E-4B63-922B-53F8D00453AC}.Debug|x64.ActiveCfg = Debug|x64
		{91F731FD-2B9E-4B63-922B-53F8D00453AC}.Debug|x64.Build.0 = Debug|x64
		{91F731FD-2B9E-4B63-922B-53F8D00453AC}.Debug|x86.ActiveCfg = Debug|Win32
		{91F731FD-2B9E-4B63-922B-53F8D00453AC}.Debug|x86.Build.0 = Debug|Win32
		{91F731FD-2B9E-4B63-922B-53F8D00453AC}.Release|x64.ActiveCfg = Release|x64
		{91F731FD-2B9E-4B63-922B-53F8D00453AC}.Release|x64.Build.0 = Release|x64
		{91F731FD-2B9E-4B63-922B-53F8D00453AC}.Release|x86.ActiveCfg = Release|Win32
		{91F731FD-2B9E-4B63-922B-53F8D00453AC}.Release|x86.Build.0 = Release|Win32
		{F21C6671-2252-49F7-956E-CE75B87E3AB8}.Debug|x64.ActiveCfg = Debug|x64
		{F21C6671-2252-49F7-956E-CE75B87E3AB8}.Debug|x64.Build.0 = Debug|x64
		{F21C6671-2252-49F7-956E-CE75B87E3AB8}.Debug|x86.ActiveCfg = Debug|Win32
		{F21C6671-2252-49F7-956E-CE75B87E3AB8}.Debug|x86.Build.0 = Debug|Win32
		{F21C6671-2252-49F7-956E-CE75B87E3AB8}.Release|x64.ActiveCfg = Release|x64
		{F21C6671-2252-49F7-956E-CE75B87E3AB8}.Release|x64.Build.0 = Release|x64
		{F21C6671-2252-49F7-956E-CE75B87E3AB8}.Release|x86.ActiveCfg = Release|Win32
		{F21C6671-2252-49F7-956E-CE75B87E3AB8}.Release|x86.Build.0 = Release|Win32
		{F49A903A-77B0-477C-BFDE-41DBBFED3A77}.Debug|x64.ActiveCfg = Debug|x64
		{F49A903A-77B0-477C-BFDE-41DBBFED3A77}.Debug|x64.Build.0 = Debug|x64
		{F49A903A-77B0-477C-BFDE-41DBBFED3A77}.Debug|x86.ActiveCfg = Debug|Win32
		{F49A903A-77B0-477C-BFDE-41DBBFED3A77}.Debug|x86.Build.0 = Debug|Win32
		{F49A903A-77B0-477C-BFDE-41DBBFED3A77}.Release|x64.ActiveCfg = Release|x64
		{F49A903A-77B0-477C-BFDE-41DBBFED3A77}.Release|x64.Build.0 = Release|x64
		{F49A903A-77B0-477C-BFDE-41DBBFED3A77}.Release|x86.ActiveCfg = Release|Win32
		{F49A903A-77B0-477C-BFDE-41DBBFED3A77}.Release|x86.Build.0 = Release|Win32
		{142C9DFC-F125-4DFC-B205-F60DA26EC48B}.Debug|x64.ActiveCfg = Debug|x64
		{142C9DFC-F125-4DFC-B205-F60DA26EC48B}.Debug|x64.Build.0 = Debug|x64
		{142C9DFC-F125-4DFC-B205-F60DA26EC48B}.Debug|x86.ActiveCfg = Debug|Win32
		{142C9DFC-F125-4DFC-B205-F60DA26EC48B}.Debug|x86.Build.0 = Debug|Win32
		{142C9DFC-F125-4DFC-B205-F60DA26EC48B}.Release|x64.ActiveCfg = Release|x64
		{142C9DFC-F125-4DFC-B205-F60DA26EC48B}.Release|x64.Build.0 = Release|x64
		{142C9DFC-F125-4DFC-B205-F60DA26EC48B}.Release|x86.ActiveCfg = Release|Win32
		{142C9DFC-F125-4DFC-B205-F60DA26EC48B}.Release|x86.Build.0 = Release|Win32
		{09DA7A9B-0C35-4723-9E94-709632766161}.Debug|x64.ActiveCfg = Debug|x64
		{09DA7A9B-0C35-4723-9E94-709632766161}.Debug|x64.Build.0 = Debug|x64
		{09DA7A9B-0C35-4723-9E94-709632766161}.Debug|x86.ActiveCfg = Debug|Win32
		{09DA7A9B-0C35-4723-9E94-709632766161}.Debug|x86.Build.0 = Debug|Win32
		{09DA7A9B-0C35-4723-9E94-709632766161}.Release|x64.ActiveCfg = Release|x64
		{09DA7A9B-0C35-4723-9E94-709632766161}.Release|x64.Build.0 = Release|x64
		{09DA7A9B-0C35-4723-9E94-709632766161}.Release|x86.ActiveCfg = Release|Win32
		{09DA7A9B-0C35-4723-9E94-709632766161}.Release|x86.Build.0 = Release|Win32
		{EABAFAF5-02FC-4365-80F3-9081E2D4B9F1}.Debug|x64.ActiveCfg = Debug|x64
		{EABAFAF5-02FC-4365-80F3-9081E2D4B9F1}.Debug|x64.Build.0 = Debug|x64
		{EABAFAF5-02FC-4365-80F3-9081E2D4B9F1}.Debug|x86.ActiveCfg = Debug|Win32
		{EABAFAF5-02FC-4365-80F3-9081E2D4B9F1}.Debug|x86.Build.0 = Debug|Win32
		{EABAFAF5-02FC-4365-80F3-9081E2D4B9F1}.Release|x64.ActiveCfg = Release|x64
		{EABAFAF5-02FC-4365-80F3-9081E2D4B9F1}.Release|x64.Build.0 = Release|x64
		{EABAFAF5-02FC-4365-80F3-9081E2D4B9F1}.Release|x86.ActiveCfg = Release|Win32
		{EABAFAF5-02FC-4365-80F3-9081E2D4B9F1}.Release|x86.Build.0 = Release|Win32
		{87638851-101A-4FFE-BF63-BC21CC9DFCEE}.Debug|x64.ActiveCfg = Debug|x64
		{87638851-101A-4FFE-BF63-BC21CC9DFCEE}.Debug|x64.Build.0 = Debug|x64
		{87638851-101A-4FFE-BF63-BC21CC9DFCEE}.Debug|x86.ActiveCfg = Debug|Win32
		{87638851-101A-4FFE-BF63-BC21CC9DFCEE}.Debug|x86.Build.0 = Debug|Win32
		{87638851-101A-4FFE-BF63-BC21CC9DFCEE}.Release|x64.ActiveCfg = Release|x64
		{87638851-101A-4FFE-BF63-BC21CC9DFCEE}.Release|x64.Build.0 = Release|x64
		{87638851-101A-4FFE-BF63-BC21CC9DFCEE}.Release|x86.ActiveCfg = Release|Win32
		{87638851-101A-4FFE-BF63-BC21CC9DFCEE}.Release|x86.Build.0 = Release|Win32
		{544192B3-AD8E-4146-BEA4-479A65D3C444}.Debug|x64.ActiveCfg = Debug|x64
		{544192B3-AD8E-4146-BEA4-479A65D3C444}.Debug|x64.Build.0 = Debug|x64
		{544192B3-AD8E-4146-BEA4-479A65D3C444}.Debug|x86.ActiveCfg = Debug|Win32
		{544192B3-AD8E-4146-BEA4-479A65D3C444}.Debug|x86.Build.0 = Debug|Win32
		{544192B3-AD8E-4146-BEA4-479A65D3C444}.Release|x64.ActiveCfg = Release|x64
		{544192B3-AD8E-4146-BEA4-479A65D3C444}.Release|x64.Build.0 = Release|x64
		{544192B3-AD8E-4146-BEA4-479A65D3C444}.Release|x86.ActiveCfg = Release|Win32
		{544192B3-AD8E-4146-BEA4-479A65D3C444}.Release|x86.Build.0 = Release|Win32
		{649CC779-F4CD-4948-AAEE-4F5213A87A74}.Debug|x64.ActiveCfg = Debug|x64
		{649CC779-F4CD-4948-AAEE-4F5213A87A74}.Debug|x64.Build.0 = Debug|x64
		{649CC779-F4CD-4948-AAEE-4F5213A87A74}.Debug|x86.ActiveCfg = Debug|Win32
		{649CC779-F4CD-4948-AAEE-4F5213A87A74}.Debug|x86.Build.0 = Debug|Win32
		{649CC779-F4CD-4948-AAEE-4F5213A87A74}.Release|x64.ActiveCfg = Release|x64
		{649CC779-F4CD-4948-AAEE-4F5213A87A74}.Release|x64.Build.0 = Release|x64
		{649CC779-F4CD-4948-AAEE-4F5213A87A74}.Release|x86.ActiveCfg = Release|Win32
		{649CC779-F4CD-4948-AAEE-4F5213A87A74}.Release|x86.Build.0 = Release|Win32
		{0832DCCB-FF03-44E8-B473-241D80DEF760}.Debug|x64.ActiveCfg = Debug|x64
		{0832DCCB-FF03-44E8-B473-241D80DEF760}.Debug|x64.Build.0 = Debug|x64
		{0832DCCB-FF03-44E8-B473-241D80DEF760}.Debug|x86.ActiveCfg = Debug|Win32
		{0832DCCB-FF03-44E8-B473-241D80DEF760}.Debug|x86.Build.0 = Debug|Win32
		{0832DCCB-FF03-44E8-B473-241D80DEF760}.Release|x64.ActiveCfg = Release|x64
		{0832DCCB-FF03-44E8-B473-241D80DEF760}.Release|x64.Build.0 = Release|x64
		{0832DCCB-FF03-44E8-B473-241D80DEF760}.Release|x86.ActiveCfg = Release|Win32
		{0832DCCB-FF03-44E8-B473-241D80DEF760}.Release|x86.Build.0 = Release|Win32
		{F2176F77-50CB-4BE4-B0C0-153D6C16CE0C}.Debug|x64.ActiveCfg = Debug|x64
		{F2176F77-50CB-4BE4-B0C0-153D6C16CE0C}.Debug|x64.Build.0 = Debug|x64
		{F2176F77-50CB-4BE4-B0C0-153D6C16CE0C}.Debug|x86.ActiveCfg = Debug|Win32
		{F2176F77-50CB-4BE4-B0C0-153D6C16CE0C}.Debug|x86.Build.0 = Debug|Win32
		{F2176F77-50CB-4BE4-B0C0-153D6C16CE0C}.Release|x64.ActiveCfg = Release|x64
		{F2176F77-50CB-4BE4-B0C0-153D6C16CE0C}.Release|x64.Build.0 = Release|x64
		{F2176F77-50CB-4BE4-B0C0-153D6C16CE0C}.Release|x86.ActiveCfg = Release|Win32
		{F2176F77-50CB-4BE4-B0C0-153D6C16CE0C}.Release|x86.Build.0 = Release|Win32
		{E8070A53-8A90-4F20-9C33-DDA9C6A6D40B}.Debug|x64.ActiveCfg = Debug|x64
		{E8070A53-8A90-4F20-9C33-DDA9C6A6D40B}.Debug|x64.Build.0 = Debug|x64
		{E8070A53-8A90-4F20-9C33-DDA9C6A6D40B}.Debug|x86.ActiveCfg = Debug|Win32
		{E8070A53-8A90-4F20-9C33-DDA9C6A6D40B}.Debug|x86.Build.0 = Debug|Win32
		{E8070A53-8A90-4F20-9C33-DDA9C6A6D40B}.Release|x64.ActiveCfg = Release|x64
		{E8070A53-8A90-4F20-9C33-DDA9C6A6D40B}.Release|x64.Build.0 = Release|x64
		{E8070A53-8A90-4F20-9C33-DDA9C6A6D40B}.Release|x86.ActiveCfg = Release|Win32
		{E8070A53-8A90-4F20-9C33-DDA9C6A6D40B}.Release|x86.Build.0 = Release|Win32
		{ABBC4AF3-0081-415E-88AC-8757A037D400}.Debug|x64.ActiveCfg = Debug|x64
		{ABBC4AF3-0081-415E-88AC-8757A037D400}.Debug|x64.Build.0 = Debug|x64
		{ABBC4AF3-0081-415E-88AC-8757A037D400}.Debug|x86.ActiveCfg = Debug|Win32
		{ABBC4AF3-0081-415E-88AC-8757A037D400}.Debug|x86.Build.0 = Debug|Win32
		{ABBC4AF3-0081-415E-88AC-8757A037D400}.Release|x64.ActiveCfg = Release|x64
		{ABBC4AF3-0081-415E-88AC-8757A037D400}.Release|x64.Build.0 = Release|x64
		{ABBC4AF3-0081-415E-88AC-8757A037D400}.Release|x86.ActiveCfg = Release|Win32
		{ABBC4AF3-0081-415E-88AC-8757A037D400}.Release|x86.Build.0 = Release|Win32
		{51CF5339-9EDA-4F25-87EC-4CEE41F0B0C1}.Debug|x64.ActiveCfg = Debug|x64
		{51CF5339-9EDA-4F25-87EC-4CEE41F0B0C1}.Debug|x64.Build.0 = Debug|x64
		{51CF5339-9EDA-4F25-87EC-4CEE41F0B0C1}.Debug|x86.ActiveCfg = Debug|Win32
		{51CF5339-9EDA-4F25-87EC-4CEE41F0B0C1}.Debug|x86.Build.0 = Debug|Win32
		{51CF5339-9EDA-4F25-87EC-4CEE41F0B0C1}.Release|x64.ActiveCfg = Release|x64
		{51CF5339-9EDA-4F25-87EC-4CEE41F0B0C1}.Release|x64.Build.0 = Release|x64
		{51CF5339-9EDA-4F25-87EC-4CEE41F0B0C1}.Release|x86.ActiveCfg = Release|Win32
		{51CF5339-9EDA-4F25-87EC-4CEE41F0B0C1}.Release|x86.Build.0 = Release|Win32
		{8C76FED5-FFD0-4545-928C-61F06ADFEB9E}.Debug|x64.ActiveCfg = Debug|x64
		{8C76FED5-FFD0-4545-928C-61F06ADFEB9E}.Debug|x64.Build.0 = Debug|x64
		{8C76FED5-FFD0-4545-928C-61F06ADFEB9E}.Debug|x86.ActiveCfg = Debug|Win32
		{8C76FED5-FFD0-4545-928C-61F06ADFEB9E}.Debug|x86.Build.0 = Debug|Win32
		{8C76FED5-FFD0-4545-928C-61F06ADFEB9E}.Release|x64.ActiveCfg = Release|x64
		{8C76FED5-FFD0-4545-928C-61F06ADFEB9E}.Release|x64.Build.0 = Release|x64
		{8C76FED5-FFD0-4545-928C-61F06ADFEB9E}.Release|x86.ActiveCfg = Release|Win32
		{8C76FED5-FFD0-4545-928C-61F06ADFEB9E}.Release|x86.Build.0 = Release|Win32
		{24C7AEC7-F448-4AAF-AA37-8FD6FC0F5570}.Debug|x64.ActiveCfg = Debug|x64
		{24C7AEC7-F448-4AAF-AA37-8FD6FC0F5570}.Debug|x64.Build.0 = Debug|x64
		{24C7AEC7-F448-4AAF-AA37-8FD6FC0F5570}.Debug|x86.ActiveCfg = Debug|Win32
		{24C7AEC7-F448-4AAF-AA37-8FD6FC0F5570}.Debug|x86.Build.0 = Debug|Win32
		{24C7AEC7-F448-4AAF-AA37-8FD6FC0F5570}.Release|x64.ActiveCfg = Release|x64
		{24C7AEC7-F448-4AAF-AA37-8FD6FC0F5570}.Release|x64.Build.0 = Release|x64
		{24C7AEC7-F448-4AAF-AA37-8FD6FC0F5570}.Release|x86.ActiveCfg = Release|Win32
		{24C7AEC7-F448-4AAF-AA37-8FD6FC0F5570}.Release|x86.Build.0 = Release|Win32
		{3F79F1C3-1474-494C-84D1-D13D06FFDB40}.Debug|x64.ActiveCfg = Debug|x64
		{3F79F1C3-1474-494C-84D1-D13D06FFDB40}.Debug|x64.Build.0 = Debug|x64
		{3F79F1C3-1474-494C-84D1-D13D06FFDB40}.Debug|x86.ActiveCfg = Debug|Win32
		{3F79F1C3-1474-494C-84D1-D13D06FFDB40}.Debug|x86.Build.0 = Debug|Win32
		{3F79F1C3-1474-494C-84D1-D13D06FFDB40}.Release|x64.ActiveCfg = Release|x64
		{3F79F1C3-1474-494C-84D1-D13D06FFDB40}.Release|x64.Build.0 = Release|x64
		{3F79F1C3-1474-494C-84D1-D13D06FFDB40}.Release|x86.ActiveCfg = Release|Win32
		{3F79F1C3-1474-494C-84D1-D13D06FFDB40}.Release|x86.Build.0 = Release|Win32
		{4BCFCEFC-443D-4EB6-B292-AB97571CE16F}.Debug|x64.ActiveCfg = Debug|x64
		{4BCFCEFC-443D-4EB6-B292-AB97571CE16F}.Debug|x64.Build.0 = Debug|x64
		{4BCFCEFC-443D-4EB6-B292-AB97571CE16F}.Debug|x86.ActiveCfg = Debug|Win32
		{4BCFCEFC-443D-4EB6-B292-AB97571CE16F}.Debug|x86.Build.0 = Debug|Win32
		{4BCFCEFC-443D-4EB6-B292-AB97571CE16F}.Release|x64.ActiveCfg = Release|x64
		{4BCFCEFC-443D-4EB6-B292-AB97571CE16F}.Release|x64.Build.0 = Release|x64
		{4BCFCEFC-443D-4EB6-B292-AB97571CE16F}.Release|x86.ActiveCfg = Release|Win32
		{4BCFCEFC-443D-4EB6-B292-AB97571CE16F}.Release|x86.Build.0 = Release|Win32
		{AFAD2E73-6B26-4DD3-BEBC-284B5D91333B}.Debug|x64.ActiveCfg = Debug|x64
		{AFAD2E73-6B26-4DD3-BEBC-284B5D91333B}.Debug|x64.Build.0 = Debug|x64
		{AFAD2E73-6B26-4DD3-BEBC-284B5D91333B}.Debug|x86.ActiveCfg = Debug|Win32
		{AFAD2E73-6B26-4DD3-BEBC-284B5D91333B}.Debug|x86.Build.0 = Debug|Win32
		{AFAD2E73-6B26-4DD3-BEBC-284B5D91333B}.Release|x64.ActiveCfg = Release|x64
		{AFAD2E73-6B26-4DD3-BEBC-284B5D91333B}.Release|x64.Build.0 = Release|x64
		{AFAD2E73-6B26-4DD3-BEBC-284B5D91333B}.Release|x86.ActiveCfg = Release|Win32
		{AFAD2E73-6B26-4DD3-BEBC-284B5D91333B}.Release|x86.Build.0 = Release|Win32
		{2C32641C-A746-4F54-AA97-1E97C58A1CE1}.Debug|x64.ActiveCfg = Debug|x64
		{2C32641C-A746-4F54-AA97-1E97C58A1CE1}.Debug|x64.Build.0 = Debug|x64
		{2C32641C-A746-4F54-AA97-1E97C58A1CE1}.Debug|x86.ActiveCfg = Debug|Win32
		{2C32641C-A746-4F54-AA97-1E97C58A1CE1}.Debug|x86.Build.0 = Debug|Win32
		{2C32641C-A746-4F54-AA97-1E97C58A1CE1}.Release|x64.ActiveCfg = Release|x64
		{2C32641C-A746-4F54-AA97-1E97C58A1CE1}.Release|x64.Build.0 = Release|x64
		{2C32641C-A746-4F54-AA97-1E97C58A1CE1}.Release|x86.ActiveCfg = Release|Win32
		{2C32641C-A746-4F54-AA97-1E97C58A1CE1}.Release|x86.Build.0 = Release|Win32
		{E20321AA-4713-45BB-811B-E7B4109C55ED}.Debug|x64.ActiveCfg = Debug|x64
		{E20321AA-4713-45BB-811B-E7B4109C55ED}.Debug|x64.Build.0 = Debug|x64
		{E20321AA-4713-45BB-811B-E7B4109C55ED}.Debug|x86.ActiveCfg = Debug|Win32
		{E20321AA-4713-45BB-811B-E7B4109C55ED}.Debug|x86.Build.0 = Debug|Win32
		{E20321AA-4713-45BB-811B-E7B4109C55ED}.Release|x64.ActiveCfg = Release|x64
		{E20321AA-4713-45BB-811B-E7B4109C55ED}.Release|x64.Build.0 = Release|x64
		{E20321AA-4713-45BB-811B-E7B4109C55ED}.Release|x86.ActiveCfg = Release|Win32
		{E20321AA-4713-45BB-811B-E7B4109C55ED}.Release|x86.Build.0 = Release|Win32
		{384684A7-6314-4713-B227-8E5235E65B72}.Debug|x64.ActiveCfg = Debug|x64
		{384684A7-6314-4713-B227-8E5235E65B72}.Debug|x64.Build.0 = Debug|x64
		{384684A7-6314-4713-B227-8E5235E65B72}.Debug|x86.ActiveCfg = Debug|Win32
		{384684A7-6314-4713-B227-8E5235E65B72}.Debug|x86.Build.0 = Debug|Win32
		{384684A7-6314-4713-B227-8E5235E65B72}.Release|x64.ActiveCfg = Release|x64
		{384684A7-6314-4713-B227-8E5235E65B72}.Release|x64.Build.0 = Release|x64
		{384684A7-6314-4713-B227-8E5235E65B72}.Release|x86.ActiveCfg = Release|Win32
		{384684A7-6314-4713-B227-8E5235E65B72}.Release|x86.Build.0 = Release|Win32
		{26530E3D-457C-46E5-AE26-0ED465A913C7}.Debug|x64.ActiveCfg = Debug|x64
		{26530E3D-457C-46E5-AE26-0ED465A913C7}.Debug|x64.Build.0 = Debug|x64
		{26530E3D-457C-46E5-AE26-0ED465A913C7}.Debug|x86.ActiveCfg = Debug|Win32
		{26530E3D-457C-46E5-AE26-0ED465A913C7}.Debug|x86.Build.0 = Debug|Win32
		{26530E3D-457C-46E5-AE26-0ED465A913C7}.Release|x64.ActiveCfg = Release|x64
		{26530E3D-457C-46E5-AE26-0ED465A913C7}.Release|x64.Build.0 = Release|x64
		{26530E3D-457C-46E5-AE26-0ED465A913C7}.Release|x86.ActiveCfg = Release|Win32
		{26530E3D-457C-46E5-AE26-0ED465A913C7}.Release|x86.Build.0 = Release|Win32
		{773FD928-3001-44E8-98F7-4759F6353FF5}.Debug|x64.ActiveCfg = Debug|x64
		{773FD928-3001-44E8-98F7-4759F6353FF5}.Debug|x64.Build.0 = Debug|x64
		{773FD928-3001-44E8-98F7-4759F6353FF5}.Debug|x86.ActiveCfg = Debug|Win32
		{773FD928-3001-44E8-98F7-4759F6353FF5}.Debug|x86.Build.0 = Debug|Win32
		{773FD928-3001-44E8-98F7-4759F6353FF5}.Release|x64.ActiveCfg = Release|x64
		{773FD928-3001-44E8-98F7-4759F6353FF5}.Release|x64.Build.0 = Release|x64
		{773FD928-3001-44E8-98F7-4759F6353FF5}.Release|x86.ActiveCfg = Release|Win32
		{773FD928-3001-44E8-98F7-4759F6353FF5}.Release|x86.Build.0 = Release|Win32
		{0669E3B2-F221-4240-AB6F-C1B5E69EF197}.Debug|x64.ActiveCfg = Debug|x64
		{0669E3B2-F221-4240-AB6F-C1B5E69EF197}.Debug|x64.Build.0 = Debug|x64
		{0669E3B2-F221-4240-AB6F-C1B5E69EF197}.Debug|x86.ActiveCfg = Debug|Win32
		{0669E3B2-F221-4240-AB6F-C1B5E69EF197}.Debug|x86.Build.0 = Debug|Win32
		{0669E3B2-F221-4240-AB6F-C1B5E69EF197}.Release|x64.ActiveCfg = Release|x64
		{0669E3B2-F221-4240-AB6F-C1B5E69EF197}.Release|x64.Build.0 = Release|x64
		{0669E3B2-F221-4240-AB6F-C1B5E69EF197}.Release|x86.ActiveCfg = Release|Win32
		{0669E3B2-F221-4240-AB6F-C1B5E69EF197}.Release|x86.Build.0 = Release|Win32
		{1FEE42CB-622A-4B7D-8052-9C03189C36DF}.Debug|x64.ActiveCfg = Debug|x64
		{1FEE42CB-622A-4B7D-8052-9C03189C36DF}.Debug|x64.Build.0 = Debug|x64
		{1FEE42CB-622A-4B7D-8052-9C03189C36DF}.Debug|x86.ActiveCfg = Debug|Win32
		{1FEE42CB-622A-4B7D-8052-9C03189C36DF}.Debug|x86.Build.0 = Debug|Win32
		{1FEE42CB-622A-4B7D-8052-9C03189C36DF}.Release|x64.ActiveCfg = Release|x64
		{1FEE42CB-622A-4B7D-8052-9C03189C36DF}.Release|x64.Build.0 = Release|x64
		{1FEE42CB-622A-4B7D-8052-9C03189C36DF}.Release|x86.ActiveCfg = Release|Win32
		{1FEE42CB-622A-4B7D-8052-9C03189C36DF}.Release|x86.Build.0 = Release|Win32
		{CF5EEE31-BEB8-4B02-B274-694D627E18A5}.Debug|x64.ActiveCfg = Debug|x64
		{CF5EEE31-BEB8-4B02-B274-694D627E18A5}.Debug|x64.Build.0 = Debug|x64
		{CF5EEE31-BEB8-4B02-B274-694D627E18A5}.Debug|x86.ActiveCfg = Debug|Win32
		{CF5EEE31-BEB8-4B02-B274-694D627E18A5}.Debug|x86.Build.0 = Debug|Win32
		{CF5EEE31-BEB8-4B02-B274-694D627E18A5}.Release|x64.ActiveCfg = Release|x64
		{CF5EEE31-BEB8-4B02-B274-694D627E18A5}.Release|x64.Build.0 = Release|x64
		{CF5EEE31-BEB8-4B02-B274-694D627E18A5}.Release|x86.ActiveCfg = Release|Win32
		{CF5EEE31-BEB8-4B02-B274-694D627E18A5}.Release|x86.Build.0 = Release|Win32
		{741FBC87-1033-4C9F-ADB2-FCD7D21446EF}.Debug|x64.ActiveCfg = Debug|x64
		{741FBC87-1033-4C9F-ADB2-FCD7D21446EF}.Debug|x64.Build.0 = Debug|x64
		{741FBC87-1033-4C9F-ADB2-FCD7D21446EF}.Debug|x86.ActiveCfg = Debug|Win32
		{741FBC87-1033-4C9F-ADB2-FCD7D21446EF}.Debug|x86.Build.0 = Debug|Win32
		{741FBC87-1033-4C9F-ADB2-FCD7D21446EF}.Release|x64.ActiveCfg = Release|x64
		{741FBC87-1033-4C9F-ADB2-FCD7D21446EF}.Release|x64.Build.0 = Release|x64
		{741FBC87-1033-4C9F-ADB2-FCD7D21446EF}.Release|x86.ActiveCfg = Release|Win32
		{741FBC87-1033-4C9F-ADB2-FCD7D21446EF}.Release|x86.Build.0 = Release|Win32
		{E1668A83-0C15-44BF-8483-8F4546183C91}.Debug|x64.ActiveCfg = Debug|x64
		{E1668A83-0C15-44BF-8483-8F4546183C91}.Debug|x64.Build.0 = Debug|x64
		{E1668A83-0C15-44BF-8483-8F4546183C91}.Debug|x86.ActiveCfg = Debug|Win32
		{E1668A83-0C15-44BF-8483-8F4546183C91}.Debug|x86.Build.0 = Debug|Win32
		{E1668A83-0C15-44BF-8483-8F4546183C91}.Release|x64.ActiveCfg = Release|x64
		{E1668A83-0C15-44BF-8483-8F4546183C91}.Release|x64.Build.0 = Release|x64
		{E1668A83-0C15-44BF-8483-8F4546183C91}.Release|x86.ActiveCfg = Release|Win32
		{E1668A83-0C15-44BF-8483-8F4546183C91}.Release|x86.Build.0 = Release|Win32
		{6699FF1B-E02D-4E33-AEE0-6E94D223E49C}.Debug|x64.ActiveCfg = Debug|x64
		{6699FF1B-E02D-4E33-AEE0-6E94D223E49C}.Debug|x64.Build.0 = Debug|x64
		{6699FF1B-E02D-4E33-AEE0-6E94D223E49C}.Debug|x86.ActiveCfg = Debug|Win32
		{6699FF1B-E02D-4E33-AEE0-6E94D223E49C}.Debug|x86.Build.0 = Debug|Win32
		{6699FF1B-E02D-4E33-AEE0-6E94D223E49C}.Release|x64.ActiveCfg = Release|x64
		{6699FF1B-E02D-4E33-AEE0-6E94D223E49C}.Release|x64.Build.0 = Release|x64
		{6699FF1B-E02D-4E33-AEE0-6E94D223E49C}.Release|x86.ActiveCfg = Release|Win32
		{6699FF1B-E02D-4E33-AEE0-6E94D223E49C}.Release|x86.Build.0 = Release|Win32
	EndGlobalSection
	GlobalSection(SolutionProperties) = preSolution
		HideSolutionNode = FALSE
	EndGlobalSection
	GlobalSection(NestedProjects) = preSolution
		{6940BB85-F4A2-4429-BC01-688FD7C165C7} = {2732CA3B-DC09-4F64-BD44-08E09230392A}
		{91F731FD-2B9E-4B63-922B-53F8D00453AC} = {7351FB27-F415-4AE2-AAB5-F99B0E59083F}
		{F21C6671-2252-49F7-956E-CE75B87E3AB8} = {2732CA3B-DC09-4F64-BD44-08E09230392A}
		{F49A903A-77B0-477C-BFDE-41DBBFED3A77} = {718D64CD-8069-42BB-9281-5695669C6622}
		{142C9DFC-F125-4DFC-B205-F60DA26EC48B} = {BD25A7CE-545D-42B1-9A99-10A966D179C3}
		{09DA7A9B-0C35-4723-9E94-709632766161} = {BD25A7CE-545D-42B1-9A99-10A966D179C3}
		{EABAFAF5-02FC-4365-80F3-9081E2D4B9F1} = {607315F8-4AA9-4897-BA6B-F3FDD0F2E8DA}
		{87638851-101A-4FFE-BF63-BC21CC9DFCEE} = {7351FB27-F415-4AE2-AAB5-F99B0E59083F}
		{544192B3-AD8E-4146-BEA4-479A65D3C444} = {238298A8-FB15-4024-8286-366B8C3FFD5B}
		{649CC779-F4CD-4948-AAEE-4F5213A87A74} = {0B737264-DC37-4947-AE0C-8FF96F623545}
		{0832DCCB-FF03-44E8-B473-241D80DEF760} = {0B737264-DC37-4947-AE0C-8FF96F623545}
		{F2176F77-50CB-4BE4-B0C0-153D6C16CE0C} = {FFDA2D26-0756-4AF4-94E5-39A407C25BFA}
		{E8070A53-8A90-4F20-9C33-DDA9C6A6D40B} = {FFDA2D26-0756-4AF4-94E5-39A407C25BFA}
		{ABBC4AF3-0081-415E-88AC-8757A037D400} = {898502C1-F438-406F-BB24-349815C50748}
		{51CF5339-9EDA-4F25-87EC-4CEE41F0B0C1} = {898502C1-F438-406F-BB24-349815C50748}
		{8C76FED5-FFD0-4545-928C-61F06ADFEB9E} = {CD767F65-02BE-4955-BC0D-2C67B5DCDA39}
		{24C7AEC7-F448-4AAF-AA37-8FD6FC0F5570} = {D1F5BB33-8D50-4E23-BFEE-F4AA11C12FBD}
		{3F79F1C3-1474-494C-84D1-D13D06FFDB40} = {4C017692-4E9B-4C98-ACCC-7E6A49079F00}
		{4BCFCEFC-443D-4EB6-B292-AB97571CE16F} = {4C017692-4E9B-4C98-ACCC-7E6A49079F00}
		{AFAD2E73-6B26-4DD3-BEBC-284B5D91333B} = {29727913-2E74-4FB9-B2BB-97611488226E}
		{2C32641C-A746-4F54-AA97-1E97C58A1CE1} = {1C33BACF-757B-48B8-9197-604C270CA7C9}
		{E20321AA-4713-45BB-811B-E7B4109C55ED} = {1C33BACF-757B-48B8-9197-604C270CA7C9}
		{384684A7-6314-4713-B227-8E5235E65B72} = {84646A7A-BEDF-4500-9B5D-F1C81DDD373E}
		{26530E3D-457C-46E5-AE26-0ED465A913C7} = {82456251-FEB2-441B-963B-057997818196}
		{773FD928-3001-44E8-98F7-4759F6353FF5} = {781DE1B8-ADF8-4980-A09C-CA8BEF9FE88F}
		{0669E3B2-F221-4240-AB6F-C1B5E69EF197} = {86264AA4-AD76-47DE-BB71-A9344F066760}
		{1FEE42CB-622A-4B7D-8052-9C03189C36DF} = {718D64CD-8069-42BB-9281-5695669C6622}
		{CF5EEE31-BEB8-4B02-B274-694D627E18A5} = {718D64CD-8069-42BB-9281-5695669C6622}
		{741FBC87-1033-4C9F-ADB2-FCD7D21446EF} = {C3DDC28F-F21D-4B6A-A6C0-842299EFB49B}
		{E1668A83-0C15-44BF-8483-8F4546183C91} = {C3DDC28F-F21D-4B6A-A6C0-842299EFB49B}
		{6699FF1B-E02D-4E33-AEE0-6E94D223E49C} = {C3DDC28F-F21D-4B6A-A6C0-842299EFB49B}
	EndGlobalSection
	GlobalSection(ExtensibilityGlobals) = postSolution
		SolutionGuid = {18487EB4-6B46-410B-8F2B-A554E251FB01}
	EndGlobalSection
EndGlobal
