
Microsoft Visual Studio Solution File, Format Version 12.00
# Visual Studio Version 17
VisualStudioVersion = 17.4.33213.308
MinimumVisualStudioVersion = 10.0.40219.1
Project("{8BC9CEB8-8B4A-11D0-8D11-00A0C91BC942}") = "LandAndWaves", "LandAndWaves\LandAndWaves.vcxproj", "{6940BB85-F4A2-4429-BC01-688FD7C165C7}"
EndProject
Project("{8BC9CEB8-8B4A-11D0-8D11-00A0C91BC942}") = "EngineCore", "EngineCore\EngineCore.vcxproj", "{91F731FD-2B9E-4B63-922B-53F8D00453AC}"
EndProject
Project("{8BC9CEB8-8B4A-11D0-8D11-00A0C91BC942}") = "Shapes", "Shapes\Shapes.vcxproj", "{F21C6671-2252-49F7-956E-CE75B87E3AB8}"
EndProject
Project("{8BC9CEB8-8B4A-11D0-8D11-00A0C91BC942}") = "TestImGui", "TestImGui\TestImGui.vcxproj", "{F49A903A-77B0-477C-BFDE-41DBBFED3A77}"
EndProject
Project("{8BC9CEB8-8B4A-11D0-8D11-00A0C91BC942}") = "LitColumns", "LitColumns\LitColumns.vcxproj", "{142C9DFC-F125-4DFC-B205-F60DA26EC48B}"
EndProject
Project("{8BC9CEB8-8B4A-11D0-8D11-00A0C91BC942}") = "LitWaves", "LitWaves\LitWaves.vcxproj", "{09DA7A9B-0C35-4723-9E94-709632766161}"
EndProject
Project("{8BC9CEB8-8B4A-11D0-8D11-00A0C91BC942}") = "TexBox", "TexBox\TexBox.vcxproj", "{EABAFAF5-02FC-4365-80F3-9081E2D4B9F1}"
EndProject
Project("{2150E333-8FDC-42A3-9474-1A3956D46DE8}") = "00. Common", "00. Common", "{7351FB27-F415-4AE2-AAB5-F99B0E59083F}"
EndProject
Project("{2150E333-8FDC-42A3-9474-1A3956D46DE8}") = "06~7", "06~7", "{2732CA3B-DC09-4F64-BD44-08E09230392A}"
EndProject
Project("{2150E333-8FDC-42A3-9474-1A3956D46DE8}") = "08. Light", "08. Light", "{BD25A7CE-545D-42B1-9A99-10A966D179C3}"
EndProject
Project("{2150E333-8FDC-42A3-9474-1A3956D46DE8}") = "zz. Test", "zz. Test", "{718D64CD-8069-42BB-9281-5695669C6622}"
EndProject
Project("{2150E333-8FDC-42A3-9474-1A3956D46DE8}") = "09. Texture", "09. Texture", "{607315F8-4AA9-4897-BA6B-F3FDD0F2E8DA}"
EndProject
Project("{8BC9CEB8-8B4A-11D0-8D11-00A0C91BC942}") = "ImGuiCore", "ImGuiCore\ImGuiCore.vcxproj", "{87638851-101A-4FFE-BF63-BC21CC9DFCEE}"
EndProject
Project("{2150E333-8FDC-42A3-9474-1A3956D46DE8}") = "10. Blending", "10. Blending", "{238298A8-FB15-4024-8286-366B8C3FFD5B}"
EndProject
Project("{8BC9CEB8-8B4A-11D0-8D11-00A0C91BC942}") = "BlendDemo", "BlendDemo\BlendDemo.vcxproj", "{544192B3-AD8E-4146-BEA4-479A65D3C444}"
EndProject
Project("{2150E333-8FDC-42A3-9474-1A3956D46DE8}") = "11. Stenciling", "11. Stenciling", "{0B737264-DC37-4947-AE0C-8FF96F623545}"
EndProject
Project("{8BC9CEB8-8B4A-11D0-8D11-00A0C91BC942}") = "StencilDemo", "StencilDemo\StencilDemo.vcxproj", "{649CC779-F4CD-4948-AAEE-4F5213A87A74}"
EndProject
Project("{8BC9CEB8-8B4A-11D0-8D11-00A0C91BC942}") = "ImGuiImageTest", "ImGuiImageTest\ImGuiImageTest.vcxproj", "{0832DCCB-FF03-44E8-B473-241D80DEF760}"
EndProject
Project("{2150E333-8FDC-42A3-9474-1A3956D46DE8}") = "12. Geometry Shader", "12. Geometry Shader", "{FFDA2D26-0756-4AF4-94E5-39A407C25BFA}"
EndProject
Project("{8BC9CEB8-8B4A-11D0-8D11-00A0C91BC942}") = "Billboard", "Billboard\Billboard.vcxproj", "{F2176F77-50CB-4BE4-B0C0-153D6C16CE0C}"
EndProject
Project("{8BC9CEB8-8B4A-11D0-8D11-00A0C91BC942}") = "GeometryShader", "GeometryShader\GeometryShader.vcxproj", "{E8070A53-8A90-4F20-9C33-DDA9C6A6D40B}"
EndProject
Project("{2150E333-8FDC-42A3-9474-1A3956D46DE8}") = "13. Compute Shader", "13. Compute Shader", "{898502C1-F438-406F-BB24-349815C50748}"
EndProject
Project("{8BC9CEB8-8B4A-11D0-8D11-00A0C91BC942}") = "ComputeFilter", "ComputeFilter\ComputeFilter.vcxproj", "{ABBC4AF3-0081-415E-88AC-8757A037D400}"
EndProject
Project("{8BC9CEB8-8B4A-11D0-8D11-00A0C91BC942}") = "WavesCS", "WavesCS\WavesCS.vcxproj", "{51CF5339-9EDA-4F25-87EC-4CEE41F0B0C1}"
EndProject
Global
	GlobalSection(SolutionConfigurationPlatforms) = preSolution
		Debug|x64 = Debug|x64
		Debug|x86 = Debug|x86
		Release|x64 = Release|x64
		Release|x86 = Release|x86
	EndGlobalSection
	GlobalSection(ProjectConfigurationPlatforms) = postSolution
		{6940BB85-F4A2-4429-BC01-688FD7C165C7}.Debug|x64.ActiveCfg = Debug|x64
		{6940BB85-F4A2-4429-BC01-688FD7C165C7}.Debug|x64.Build.0 = Debug|x64
		{6940BB85-F4A2-4429-BC01-688FD7C165C7}.Debug|x86.ActiveCfg = Debug|Win32
		{6940BB85-F4A2-4429-BC01-688FD7C165C7}.Debug|x86.Build.0 = Debug|Win32
		{6940BB85-F4A2-4429-BC01-688FD7C165C7}.Release|x64.ActiveCfg = Release|x64
		{6940BB85-F4A2-4429-BC01-688FD7C165C7}.Release|x64.Build.0 = Release|x64
		{6940BB85-F4A2-4429-BC01-688FD7C165C7}.Release|x86.ActiveCfg = Release|Win32
		{6940BB85-F4A2-4429-BC01-688FD7C165C7}.Release|x86.Build.0 = Release|Win32
		{91F731FD-2B9E-4B63-922B-53F8D00453AC}.Debug|x64.ActiveCfg = Debug|x64
		{91F731FD-2B9E-4B63-922B-53F8D00453AC}.Debug|x64.Build.0 = Debug|x64
		{91F731FD-2B9E-4B63-922B-53F8D00453AC}.Debug|x86.ActiveCfg = Debug|Win32
		{91F731FD-2B9E-4B63-922B-53F8D00453AC}.Debug|x86.Build.0 = Debug|Win32
		{91F731FD-2B9E-4B63-922B-53F8D00453AC}.Release|x64.ActiveCfg = Release|x64
		{91F731FD-2B9E-4B63-922B-53F8D00453AC}.Release|x64.Build.0 = Release|x64
		{91F731FD-2B9E-4B63-922B-53F8D00453AC}.Release|x86.ActiveCfg = Release|Win32
		{91F731FD-2B9E-4B63-922B-53F8D00453AC}.Release|x86.Build.0 = Release|Win32
		{F21C6671-2252-49F7-956E-CE75B87E3AB8}.Debug|x64.ActiveCfg = Debug|x64
		{F21C6671-2252-49F7-956E-CE75B87E3AB8}.Debug|x64.Build.0 = Debug|x64
		{F21C6671-2252-49F7-956E-CE75B87E3AB8}.Debug|x86.ActiveCfg = Debug|Win32
		{F21C6671-2252-49F7-956E-CE75B87E3AB8}.Debug|x86.Build.0 = Debug|Win32
		{F21C6671-2252-49F7-956E-CE75B87E3AB8}.Release|x64.ActiveCfg = Release|x64
		{F21C6671-2252-49F7-956E-CE75B87E3AB8}.Release|x64.Build.0 = Release|x64
		{F21C6671-2252-49F7-956E-CE75B87E3AB8}.Release|x86.ActiveCfg = Release|Win32
		{F21C6671-2252-49F7-956E-CE75B87E3AB8}.Release|x86.Build.0 = Release|Win32
		{F49A903A-77B0-477C-BFDE-41DBBFED3A77}.Debug|x64.ActiveCfg = Debug|x64
		{F49A903A-77B0-477C-BFDE-41DBBFED3A77}.Debug|x64.Build.0 = Debug|x64
		{F49A903A-77B0-477C-BFDE-41DBBFED3A77}.Debug|x86.ActiveCfg = Debug|Win32
		{F49A903A-77B0-477C-BFDE-41DBBFED3A77}.Debug|x86.Build.0 = Debug|Win32
		{F49A903A-77B0-477C-BFDE-41DBBFED3A77}.Release|x64.ActiveCfg = Release|x64
		{F49A903A-77B0-477C-BFDE-41DBBFED3A77}.Release|x64.Build.0 = Release|x64
		{F49A903A-77B0-477C-BFDE-41DBBFED3A77}.Release|x86.ActiveCfg = Release|Win32
		{F49A903A-77B0-477C-BFDE-41DBBFED3A77}.Release|x86.Build.0 = Release|Win32
		{142C9DFC-F125-4DFC-B205-F60DA26EC48B}.Debug|x64.ActiveCfg = Debug|x64
		{142C9DFC-F125-4DFC-B205-F60DA26EC48B}.Debug|x64.Build.0 = Debug|x64
		{142C9DFC-F125-4DFC-B205-F60DA26EC48B}.Debug|x86.ActiveCfg = Debug|Win32
		{142C9DFC-F125-4DFC-B205-F60DA26EC48B}.Debug|x86.Build.0 = Debug|Win32
		{142C9DFC-F125-4DFC-B205-F60DA26EC48B}.Release|x64.ActiveCfg = Release|x64
		{142C9DFC-F125-4DFC-B205-F60DA26EC48B}.Release|x64.Build.0 = Release|x64
		{142C9DFC-F125-4DFC-B205-F60DA26EC48B}.Release|x86.ActiveCfg = Release|Win32
		{142C9DFC-F125-4DFC-B205-F60DA26EC48B}.Release|x86.Build.0 = Release|Win32
		{09DA7A9B-0C35-4723-9E94-709632766161}.Debug|x64.ActiveCfg = Debug|x64
		{09DA7A9B-0C35-4723-9E94-709632766161}.Debug|x64.Build.0 = Debug|x64
		{09DA7A9B-0C35-4723-9E94-709632766161}.Debug|x86.ActiveCfg = Debug|Win32
		{09DA7A9B-0C35-4723-9E94-709632766161}.Debug|x86.Build.0 = Debug|Win32
		{09DA7A9B-0C35-4723-9E94-709632766161}.Release|x64.ActiveCfg = Release|x64
		{09DA7A9B-0C35-4723-9E94-709632766161}.Release|x64.Build.0 = Release|x64
		{09DA7A9B-0C35-4723-9E94-709632766161}.Release|x86.ActiveCfg = Release|Win32
		{09DA7A9B-0C35-4723-9E94-709632766161}.Release|x86.Build.0 = Release|Win32
		{EABAFAF5-02FC-4365-80F3-9081E2D4B9F1}.Debug|x64.ActiveCfg = Debug|x64
		{EABAFAF5-02FC-4365-80F3-9081E2D4B9F1}.Debug|x64.Build.0 = Debug|x64
		{EABAFAF5-02FC-4365-80F3-9081E2D4B9F1}.Debug|x86.ActiveCfg = Debug|Win32
		{EABAFAF5-02FC-4365-80F3-9081E2D4B9F1}.Debug|x86.Build.0 = Debug|Win32
		{EABAFAF5-02FC-4365-80F3-9081E2D4B9F1}.Release|x64.ActiveCfg = Release|x64
		{EABAFAF5-02FC-4365-80F3-9081E2D4B9F1}.Release|x64.Build.0 = Release|x64
		{EABAFAF5-02FC-4365-80F3-9081E2D4B9F1}.Release|x86.ActiveCfg = Release|Win32
		{EABAFAF5-02FC-4365-80F3-9081E2D4B9F1}.Release|x86.Build.0 = Release|Win32
		{87638851-101A-4FFE-BF63-BC21CC9DFCEE}.Debug|x64.ActiveCfg = Debug|x64
		{87638851-101A-4FFE-BF63-BC21CC9DFCEE}.Debug|x64.Build.0 = Debug|x64
		{87638851-101A-4FFE-BF63-BC21CC9DFCEE}.Debug|x86.ActiveCfg = Debug|Win32
		{87638851-101A-4FFE-BF63-BC21CC9DFCEE}.Debug|x86.Build.0 = Debug|Win32
		{87638851-101A-4FFE-BF63-BC21CC9DFCEE}.Release|x64.ActiveCfg = Release|x64
		{87638851-101A-4FFE-BF63-BC21CC9DFCEE}.Release|x64.Build.0 = Release|x64
		{87638851-101A-4FFE-BF63-BC21CC9DFCEE}.Release|x86.ActiveCfg = Release|Win32
		{87638851-101A-4FFE-BF63-BC21CC9DFCEE}.Release|x86.Build.0 = Release|Win32
		{544192B3-AD8E-4146-BEA4-479A65D3C444}.Debug|x64.ActiveCfg = Debug|x64
		{544192B3-AD8E-4146-BEA4-479A65D3C444}.Debug|x64.Build.0 = Debug|x64
		{544192B3-AD8E-4146-BEA4-479A65D3C444}.Debug|x86.ActiveCfg = Debug|Win32
		{544192B3-AD8E-4146-BEA4-479A65D3C444}.Debug|x86.Build.0 = Debug|Win32
		{544192B3-AD8E-4146-BEA4-479A65D3C444}.Release|x64.ActiveCfg = Release|x64
		{544192B3-AD8E-4146-BEA4-479A65D3C444}.Release|x64.Build.0 = Release|x64
		{544192B3-AD8E-4146-BEA4-479A65D3C444}.Release|x86.ActiveCfg = Release|Win32
		{544192B3-AD8E-4146-BEA4-479A65D3C444}.Release|x86.Build.0 = Release|Win32
		{649CC779-F4CD-4948-AAEE-4F5213A87A74}.Debug|x64.ActiveCfg = Debug|x64
		{649CC779-F4CD-4948-AAEE-4F5213A87A74}.Debug|x64.Build.0 = Debug|x64
		{649CC779-F4CD-4948-AAEE-4F5213A87A74}.Debug|x86.ActiveCfg = Debug|Win32
		{649CC779-F4CD-4948-AAEE-4F5213A87A74}.Debug|x86.Build.0 = Debug|Win32
		{649CC779-F4CD-4948-AAEE-4F5213A87A74}.Release|x64.ActiveCfg = Release|x64
		{649CC779-F4CD-4948-AAEE-4F5213A87A74}.Release|x64.Build.0 = Release|x64
		{649CC779-F4CD-4948-AAEE-4F5213A87A74}.Release|x86.ActiveCfg = Release|Win32
		{649CC779-F4CD-4948-AAEE-4F5213A87A74}.Release|x86.Build.0 = Release|Win32
		{0832DCCB-FF03-44E8-B473-241D80DEF760}.Debug|x64.ActiveCfg = Debug|x64
		{0832DCCB-FF03-44E8-B473-241D80DEF760}.Debug|x64.Build.0 = Debug|x64
		{0832DCCB-FF03-44E8-B473-241D80DEF760}.Debug|x86.ActiveCfg = Debug|Win32
		{0832DCCB-FF03-44E8-B473-241D80DEF760}.Debug|x86.Build.0 = Debug|Win32
		{0832DCCB-FF03-44E8-B473-241D80DEF760}.Release|x64.ActiveCfg = Release|x64
		{0832DCCB-FF03-44E8-B473-241D80DEF760}.Release|x64.Build.0 = Release|x64
		{0832DCCB-FF03-44E8-B473-241D80DEF760}.Release|x86.ActiveCfg = Release|Win32
		{0832DCCB-FF03-44E8-B473-241D80DEF760}.Release|x86.Build.0 = Release|Win32
		{F2176F77-50CB-4BE4-B0C0-153D6C16CE0C}.Debug|x64.ActiveCfg = Debug|x64
		{F2176F77-50CB-4BE4-B0C0-153D6C16CE0C}.Debug|x64.Build.0 = Debug|x64
		{F2176F77-50CB-4BE4-B0C0-153D6C16CE0C}.Debug|x86.ActiveCfg = Debug|Win32
		{F2176F77-50CB-4BE4-B0C0-153D6C16CE0C}.Debug|x86.Build.0 = Debug|Win32
		{F2176F77-50CB-4BE4-B0C0-153D6C16CE0C}.Release|x64.ActiveCfg = Release|x64
		{F2176F77-50CB-4BE4-B0C0-153D6C16CE0C}.Release|x64.Build.0 = Release|x64
		{F2176F77-50CB-4BE4-B0C0-153D6C16CE0C}.Release|x86.ActiveCfg = Release|Win32
		{F2176F77-50CB-4BE4-B0C0-153D6C16CE0C}.Release|x86.Build.0 = Release|Win32
		{E8070A53-8A90-4F20-9C33-DDA9C6A6D40B}.Debug|x64.ActiveCfg = Debug|x64
		{E8070A53-8A90-4F20-9C33-DDA9C6A6D40B}.Debug|x64.Build.0 = Debug|x64
		{E8070A53-8A90-4F20-9C33-DDA9C6A6D40B}.Debug|x86.ActiveCfg = Debug|Win32
		{E8070A53-8A90-4F20-9C33-DDA9C6A6D40B}.Debug|x86.Build.0 = Debug|Win32
		{E8070A53-8A90-4F20-9C33-DDA9C6A6D40B}.Release|x64.ActiveCfg = Release|x64
		{E8070A53-8A90-4F20-9C33-DDA9C6A6D40B}.Release|x64.Build.0 = Release|x64
		{E8070A53-8A90-4F20-9C33-DDA9C6A6D40B}.Release|x86.ActiveCfg = Release|Win32
		{E8070A53-8A90-4F20-9C33-DDA9C6A6D40B}.Release|x86.Build.0 = Release|Win32
		{ABBC4AF3-0081-415E-88AC-8757A037D400}.Debug|x64.ActiveCfg = Debug|x64
		{ABBC4AF3-0081-415E-88AC-8757A037D400}.Debug|x64.Build.0 = Debug|x64
		{ABBC4AF3-0081-415E-88AC-8757A037D400}.Debug|x86.ActiveCfg = Debug|Win32
		{ABBC4AF3-0081-415E-88AC-8757A037D400}.Debug|x86.Build.0 = Debug|Win32
		{ABBC4AF3-0081-415E-88AC-8757A037D400}.Release|x64.ActiveCfg = Release|x64
		{ABBC4AF3-0081-415E-88AC-8757A037D400}.Release|x64.Build.0 = Release|x64
		{ABBC4AF3-0081-415E-88AC-8757A037D400}.Release|x86.ActiveCfg = Release|Win32
		{ABBC4AF3-0081-415E-88AC-8757A037D400}.Release|x86.Build.0 = Release|Win32
		{51CF5339-9EDA-4F25-87EC-4CEE41F0B0C1}.Debug|x64.ActiveCfg = Debug|x64
		{51CF5339-9EDA-4F25-87EC-4CEE41F0B0C1}.Debug|x64.Build.0 = Debug|x64
		{51CF5339-9EDA-4F25-87EC-4CEE41F0B0C1}.Debug|x86.ActiveCfg = Debug|Win32
		{51CF5339-9EDA-4F25-87EC-4CEE41F0B0C1}.Debug|x86.Build.0 = Debug|Win32
		{51CF5339-9EDA-4F25-87EC-4CEE41F0B0C1}.Release|x64.ActiveCfg = Release|x64
		{51CF5339-9EDA-4F25-87EC-4CEE41F0B0C1}.Release|x64.Build.0 = Release|x64
		{51CF5339-9EDA-4F25-87EC-4CEE41F0B0C1}.Release|x86.ActiveCfg = Release|Win32
		{51CF5339-9EDA-4F25-87EC-4CEE41F0B0C1}.Release|x86.Build.0 = Release|Win32
	EndGlobalSection
	GlobalSection(SolutionProperties) = preSolution
		HideSolutionNode = FALSE
	EndGlobalSection
	GlobalSection(NestedProjects) = preSolution
		{6940BB85-F4A2-4429-BC01-688FD7C165C7} = {2732CA3B-DC09-4F64-BD44-08E09230392A}
		{91F731FD-2B9E-4B63-922B-53F8D00453AC} = {7351FB27-F415-4AE2-AAB5-F99B0E59083F}
		{F21C6671-2252-49F7-956E-CE75B87E3AB8} = {2732CA3B-DC09-4F64-BD44-08E09230392A}
		{F49A903A-77B0-477C-BFDE-41DBBFED3A77} = {718D64CD-8069-42BB-9281-5695669C6622}
		{142C9DFC-F125-4DFC-B205-F60DA26EC48B} = {BD25A7CE-545D-42B1-9A99-10A966D179C3}
		{09DA7A9B-0C35-4723-9E94-709632766161} = {BD25A7CE-545D-42B1-9A99-10A966D179C3}
		{EABAFAF5-02FC-4365-80F3-9081E2D4B9F1} = {607315F8-4AA9-4897-BA6B-F3FDD0F2E8DA}
		{87638851-101A-4FFE-BF63-BC21CC9DFCEE} = {7351FB27-F415-4AE2-AAB5-F99B0E59083F}
		{544192B3-AD8E-4146-BEA4-479A65D3C444} = {238298A8-FB15-4024-8286-366B8C3FFD5B}
		{649CC779-F4CD-4948-AAEE-4F5213A87A74} = {0B737264-DC37-4947-AE0C-8FF96F623545}
		{0832DCCB-FF03-44E8-B473-241D80DEF760} = {0B737264-DC37-4947-AE0C-8FF96F623545}
		{F2176F77-50CB-4BE4-B0C0-153D6C16CE0C} = {FFDA2D26-0756-4AF4-94E5-39A407C25BFA}
		{E8070A53-8A90-4F20-9C33-DDA9C6A6D40B} = {FFDA2D26-0756-4AF4-94E5-39A407C25BFA}
		{ABBC4AF3-0081-415E-88AC-8757A037D400} = {898502C1-F438-406F-BB24-349815C50748}
		{51CF5339-9EDA-4F25-87EC-4CEE41F0B0C1} = {898502C1-F438-406F-BB24-349815C50748}
	EndGlobalSection
	GlobalSection(ExtensibilityGlobals) = postSolution
		SolutionGuid = {18487EB4-6B46-410B-8F2B-A554E251FB01}
	EndGlobalSection
EndGlobal
