<?xml version="1.0" encoding="utf-8"?>
<Project ToolsVersion="4.0" xmlns="http://schemas.microsoft.com/developer/msbuild/2003">
  <ItemGroup>
    <Filter Include="Source Files">
      <UniqueIdentifier>{4FC737F1-C7A5-4376-A066-2A32D752A2FF}</UniqueIdentifier>
      <Extensions>cpp;c;cc;cxx;c++;cppm;ixx;def;odl;idl;hpj;bat;asm;asmx</Extensions>
    </Filter>
    <Filter Include="Header Files">
      <UniqueIdentifier>{93995380-89BD-4b04-88EB-625FBE52EBFB}</UniqueIdentifier>
      <Extensions>h;hh;hpp;hxx;h++;hm;inl;inc;ipp;xsd</Extensions>
    </Filter>
    <Filter Include="Resource Files">
      <UniqueIdentifier>{67DA6AB6-F800-4c08-8B7A-83BB121AAD01}</UniqueIdentifier>
      <Extensions>rc;ico;cur;bmp;dlg;rc2;rct;bin;rgs;gif;jpg;jpeg;jpe;resx;tiff;tif;png;wav;mfcribbon-ms</Extensions>
    </Filter>
    <Filter Include="streamline">
      <UniqueIdentifier>{d6e39440-8375-48d5-a711-eb0373ca04a1}</UniqueIdentifier>
    </Filter>
  </ItemGroup>
  <ItemGroup>
    <ClCompile Include="pch.cpp">
      <Filter>Source Files</Filter>
    </ClCompile>
  </ItemGroup>
  <ItemGroup>
    <ClInclude Include="StreamlineCorePch.h">
      <Filter>Header Files</Filter>
    </ClInclude>
    <ClInclude Include="pch.h">
      <Filter>Header Files</Filter>
    </ClInclude>
    <ClInclude Include="streamline\include\sl_nis.h">
      <Filter>streamline</Filter>
    </ClInclude>
    <ClInclude Include="streamline\include\sl_nvperf.h">
      <Filter>streamline</Filter>
    </ClInclude>
    <ClInclude Include="streamline\include\sl_pcl.h">
      <Filter>streamline</Filter>
    </ClInclude>
    <ClInclude Include="streamline\include\sl_reflex.h">
      <Filter>streamline</Filter>
    </ClInclude>
    <ClInclude Include="streamline\include\sl_result.h">
      <Filter>streamline</Filter>
    </ClInclude>
    <ClInclude Include="streamline\include\sl_security.h">
      <Filter>streamline</Filter>
    </ClInclude>
    <ClInclude Include="streamline\include\sl_struct.h">
      <Filter>streamline</Filter>
    </ClInclude>
    <ClInclude Include="streamline\include\sl_template.h">
      <Filter>streamline</Filter>
    </ClInclude>
    <ClInclude Include="streamline\include\sl_version.h">
      <Filter>streamline</Filter>
    </ClInclude>
    <ClInclude Include="streamline\include\sl.h">
      <Filter>streamline</Filter>
    </ClInclude>
    <ClInclude Include="streamline\include\sl_appidentity.h">
      <Filter>streamline</Filter>
    </ClInclude>
    <ClInclude Include="streamline\include\sl_consts.h">
      <Filter>streamline</Filter>
    </ClInclude>
    <ClInclude Include="streamline\include\sl_core_api.h">
      <Filter>streamline</Filter>
    </ClInclude>
    <ClInclude Include="streamline\include\sl_core_types.h">
      <Filter>streamline</Filter>
    </ClInclude>
    <ClInclude Include="streamline\include\sl_deepdvc.h">
      <Filter>streamline</Filter>
    </ClInclude>
    <ClInclude Include="streamline\include\sl_device_wrappers.h">
      <Filter>streamline</Filter>
    </ClInclude>
    <ClInclude Include="streamline\include\sl_directsr.h">
      <Filter>streamline</Filter>
    </ClInclude>
    <ClInclude Include="streamline\include\sl_dlss.h">
      <Filter>streamline</Filter>
    </ClInclude>
    <ClInclude Include="streamline\include\sl_dlss_d.h">
      <Filter>streamline</Filter>
    </ClInclude>
    <ClInclude Include="streamline\include\sl_dlss_g.h">
      <Filter>streamline</Filter>
    </ClInclude>
    <ClInclude Include="streamline\include\sl_helpers.h">
      <Filter>streamline</Filter>
    </ClInclude>
    <ClInclude Include="streamline\include\sl_helpers_vk.h">
      <Filter>streamline</Filter>
    </ClInclude>
    <ClInclude Include="streamline\include\sl_hooks.h">
      <Filter>streamline</Filter>
    </ClInclude>
    <ClInclude Include="streamline\include\sl_matrix_helpers.h">
      <Filter>streamline</Filter>
    </ClInclude>
  </ItemGroup>
</Project>