<?xml version="1.0" encoding="utf-8"?>
<Project ToolsVersion="4.0" xmlns="http://schemas.microsoft.com/developer/msbuild/2003">
  <ItemGroup>
    <Filter Include="Source Files">
      <UniqueIdentifier>{4FC737F1-C7A5-4376-A066-2A32D752A2FF}</UniqueIdentifier>
      <Extensions>cpp;c;cc;cxx;c++;cppm;ixx;def;odl;idl;hpj;bat;asm;asmx</Extensions>
    </Filter>
    <Filter Include="Header Files">
      <UniqueIdentifier>{93995380-89BD-4b04-88EB-625FBE52EBFB}</UniqueIdentifier>
      <Extensions>h;hh;hpp;hxx;h++;hm;inl;inc;ipp;xsd</Extensions>
    </Filter>
    <Filter Include="Resource Files">
      <UniqueIdentifier>{67DA6AB6-F800-4c08-8B7A-83BB121AAD01}</UniqueIdentifier>
      <Extensions>rc;ico;cur;bmp;dlg;rc2;rct;bin;rgs;gif;jpg;jpeg;jpe;resx;tiff;tif;png;wav;mfcribbon-ms</Extensions>
    </Filter>
    <Filter Include="DirectXMesh">
      <UniqueIdentifier>{7bd0e712-14c3-45c4-a9be-52f73beac174}</UniqueIdentifier>
    </Filter>
    <Filter Include="SimpleMath">
      <UniqueIdentifier>{e1c25a5a-e800-4936-9ed9-96b4ec509e8c}</UniqueIdentifier>
    </Filter>
    <Filter Include="Streamline">
      <UniqueIdentifier>{885ed993-556f-4638-adae-e5ad8f1db366}</UniqueIdentifier>
    </Filter>
  </ItemGroup>
  <ItemGroup>
    <ClInclude Include="pch.h">
      <Filter>Header Files</Filter>
    </ClInclude>
    <ClInclude Include="D3DUtil.h">
      <Filter>Header Files</Filter>
    </ClInclude>
    <ClInclude Include="GameTimer.h">
      <Filter>Header Files</Filter>
    </ClInclude>
    <ClInclude Include="GeometryGenerator.h">
      <Filter>Header Files</Filter>
    </ClInclude>
    <ClInclude Include="MathHelper.h">
      <Filter>Header Files</Filter>
    </ClInclude>
    <ClInclude Include="StepTimer.h">
      <Filter>Header Files</Filter>
    </ClInclude>
    <ClInclude Include="UploadBuffer.h">
      <Filter>Header Files</Filter>
    </ClInclude>
    <ClInclude Include="AppBaseHelper.h">
      <Filter>Header Files</Filter>
    </ClInclude>
    <ClInclude Include="Camera.h">
      <Filter>Header Files</Filter>
    </ClInclude>
    <ClInclude Include="EngineCorePch.h">
      <Filter>Header Files</Filter>
    </ClInclude>
    <ClInclude Include="d3dx12.h">
      <Filter>Header Files</Filter>
    </ClInclude>
    <ClInclude Include="DDSTextureLoader.h">
      <Filter>Header Files</Filter>
    </ClInclude>
    <ClInclude Include="DirectXMeshP.h">
      <Filter>DirectXMesh</Filter>
    </ClInclude>
    <ClInclude Include="scoped.h">
      <Filter>DirectXMesh</Filter>
    </ClInclude>
    <ClInclude Include="DirectXMesh.h">
      <Filter>DirectXMesh</Filter>
    </ClInclude>
    <ClInclude Include="SimpleMath.h">
      <Filter>SimpleMath</Filter>
    </ClInclude>
    <ClInclude Include="LoadM3d.h">
      <Filter>Header Files</Filter>
    </ClInclude>
    <ClInclude Include="SkinnedData.h">
      <Filter>Header Files</Filter>
    </ClInclude>
    <ClInclude Include="StreamlinePch.h">
      <Filter>Header Files</Filter>
    </ClInclude>
    <ClInclude Include="sl_helpers_vk.h">
      <Filter>Streamline</Filter>
    </ClInclude>
    <ClInclude Include="sl_hooks.h">
      <Filter>Streamline</Filter>
    </ClInclude>
    <ClInclude Include="sl_matrix_helpers.h">
      <Filter>Streamline</Filter>
    </ClInclude>
    <ClInclude Include="sl_nis.h">
      <Filter>Streamline</Filter>
    </ClInclude>
    <ClInclude Include="sl_nvperf.h">
      <Filter>Streamline</Filter>
    </ClInclude>
    <ClInclude Include="sl_pcl.h">
      <Filter>Streamline</Filter>
    </ClInclude>
    <ClInclude Include="sl_reflex.h">
      <Filter>Streamline</Filter>
    </ClInclude>
    <ClInclude Include="sl_result.h">
      <Filter>Streamline</Filter>
    </ClInclude>
    <ClInclude Include="sl_security.h">
      <Filter>Streamline</Filter>
    </ClInclude>
    <ClInclude Include="sl_struct.h">
      <Filter>Streamline</Filter>
    </ClInclude>
    <ClInclude Include="sl_template.h">
      <Filter>Streamline</Filter>
    </ClInclude>
    <ClInclude Include="sl_version.h">
      <Filter>Streamline</Filter>
    </ClInclude>
    <ClInclude Include="sl.h">
      <Filter>Streamline</Filter>
    </ClInclude>
    <ClInclude Include="sl_appidentity.h">
      <Filter>Streamline</Filter>
    </ClInclude>
    <ClInclude Include="sl_consts.h">
      <Filter>Streamline</Filter>
    </ClInclude>
    <ClInclude Include="sl_core_api.h">
      <Filter>Streamline</Filter>
    </ClInclude>
    <ClInclude Include="sl_core_types.h">
      <Filter>Streamline</Filter>
    </ClInclude>
    <ClInclude Include="sl_deepdvc.h">
      <Filter>Streamline</Filter>
    </ClInclude>
    <ClInclude Include="sl_device_wrappers.h">
      <Filter>Streamline</Filter>
    </ClInclude>
    <ClInclude Include="sl_directsr.h">
      <Filter>Streamline</Filter>
    </ClInclude>
    <ClInclude Include="sl_dlss.h">
      <Filter>Streamline</Filter>
    </ClInclude>
    <ClInclude Include="sl_dlss_d.h">
      <Filter>Streamline</Filter>
    </ClInclude>
    <ClInclude Include="sl_dlss_g.h">
      <Filter>Streamline</Filter>
    </ClInclude>
    <ClInclude Include="sl_helpers.h">
      <Filter>Streamline</Filter>
    </ClInclude>
  </ItemGroup>
  <ItemGroup>
    <ClCompile Include="GeometryGenerator.cpp">
      <Filter>Source Files</Filter>
    </ClCompile>
    <ClCompile Include="Camera.cpp">
      <Filter>Source Files</Filter>
    </ClCompile>
    <ClCompile Include="D3DUtil.cpp">
      <Filter>Source Files</Filter>
    </ClCompile>
    <ClCompile Include="pch.cpp">
      <Filter>Source Files</Filter>
    </ClCompile>
    <ClCompile Include="DDSTextureLoader.cpp">
      <Filter>Source Files</Filter>
    </ClCompile>
    <ClCompile Include="DirectXMeshOptimize.cpp">
      <Filter>DirectXMesh</Filter>
    </ClCompile>
    <ClCompile Include="DirectXMeshOptimizeLRU.cpp">
      <Filter>DirectXMesh</Filter>
    </ClCompile>
    <ClCompile Include="DirectXMeshOptimizeTVC.cpp">
      <Filter>DirectXMesh</Filter>
    </ClCompile>
    <ClCompile Include="DirectXMeshRemap.cpp">
      <Filter>DirectXMesh</Filter>
    </ClCompile>
    <ClCompile Include="DirectXMeshTangentFrame.cpp">
      <Filter>DirectXMesh</Filter>
    </ClCompile>
    <ClCompile Include="DirectXMeshUtil.cpp">
      <Filter>DirectXMesh</Filter>
    </ClCompile>
    <ClCompile Include="DirectXMeshValidate.cpp">
      <Filter>DirectXMesh</Filter>
    </ClCompile>
    <ClCompile Include="DirectXMeshVBReader.cpp">
      <Filter>DirectXMesh</Filter>
    </ClCompile>
    <ClCompile Include="DirectXMeshVBWriter.cpp">
      <Filter>DirectXMesh</Filter>
    </ClCompile>
    <ClCompile Include="DirectXMeshWeldVertices.cpp">
      <Filter>DirectXMesh</Filter>
    </ClCompile>
    <ClCompile Include="DirectXMeshAdjacency.cpp">
      <Filter>DirectXMesh</Filter>
    </ClCompile>
    <ClCompile Include="DirectXMeshClean.cpp">
      <Filter>DirectXMesh</Filter>
    </ClCompile>
    <ClCompile Include="DirectXMeshConcat.cpp">
      <Filter>DirectXMesh</Filter>
    </ClCompile>
    <ClCompile Include="DirectXMeshGSAdjacency.cpp">
      <Filter>DirectXMesh</Filter>
    </ClCompile>
    <ClCompile Include="DirectXMeshletGenerator.cpp">
      <Filter>DirectXMesh</Filter>
    </ClCompile>
    <ClCompile Include="DirectXMeshNormals.cpp">
      <Filter>DirectXMesh</Filter>
    </ClCompile>
    <ClCompile Include="LoadM3d.cpp">
      <Filter>Source Files</Filter>
    </ClCompile>
    <ClCompile Include="SkinnedData.cpp">
      <Filter>Source Files</Filter>
    </ClCompile>
  </ItemGroup>
  <ItemGroup>
    <None Include="DirectXMesh.inl">
      <Filter>DirectXMesh</Filter>
    </None>
    <None Include="SimpleMath.inl">
      <Filter>SimpleMath</Filter>
    </None>
  </ItemGroup>
</Project>